// !$*UTF8*$!
{
	archiveVersion = 1;
	classes = {
	};
	objectVersion = 51;
	objects = {

/* Begin PBXBuildFile section */
		34BC42A9D1B264DF3139D05B /* libPods-Grumble.a in Frameworks */ = {isa = PBXBuildFile; fileRef = 09A0F8D54073F13B1BD8520C /* libPods-Grumble.a */; };
		D55EEBA024271FBB0079922E /* SettingsView.swift in Sources */ = {isa = PBXBuildFile; fileRef = D55EEB9F24271FBB0079922E /* SettingsView.swift */; };
		D55EEBA2242839310079922E /* AddToListView.swift in Sources */ = {isa = PBXBuildFile; fileRef = D55EEBA1242839310079922E /* AddToListView.swift */; };
		D55EEBA4242867710079922E /* TabView.swift in Sources */ = {isa = PBXBuildFile; fileRef = D55EEBA3242867710079922E /* TabView.swift */; };
		D58C599D242B057B00137546 /* PriceFieldContainer.swift in Sources */ = {isa = PBXBuildFile; fileRef = D58C599C242B057B00137546 /* PriceFieldContainer.swift */; };
		D58C59A4242C07AC00137546 /* Teko-Regular.ttf in Resources */ = {isa = PBXBuildFile; fileRef = D58C599F242C07AC00137546 /* Teko-Regular.ttf */; };
		D58C59A5242C07AC00137546 /* Teko-Medium.ttf in Resources */ = {isa = PBXBuildFile; fileRef = D58C59A0242C07AC00137546 /* Teko-Medium.ttf */; };
		D58C59A6242C07AC00137546 /* Teko-Light.ttf in Resources */ = {isa = PBXBuildFile; fileRef = D58C59A1242C07AC00137546 /* Teko-Light.ttf */; };
		D58C59A7242C07AC00137546 /* Teko-Bold.ttf in Resources */ = {isa = PBXBuildFile; fileRef = D58C59A2242C07AC00137546 /* Teko-Bold.ttf */; };
		D58C59A8242C07AC00137546 /* Teko-SemiBold.ttf in Resources */ = {isa = PBXBuildFile; fileRef = D58C59A3242C07AC00137546 /* Teko-SemiBold.ttf */; };
		D5AA593A2425E996000BEC5C /* MainView.swift in Sources */ = {isa = PBXBuildFile; fileRef = D5AA59392425E996000BEC5C /* MainView.swift */; };
		D5AA593C2426BFA2000BEC5C /* Restaurant.swift in Sources */ = {isa = PBXBuildFile; fileRef = D5AA593B2426BFA2000BEC5C /* Restaurant.swift */; };
		D5AA593E2426C24F000BEC5C /* IOManager.swift in Sources */ = {isa = PBXBuildFile; fileRef = D5AA593D2426C24F000BEC5C /* IOManager.swift */; };
		D5AA59452426C806000BEC5C /* mylist.json in Resources */ = {isa = PBXBuildFile; fileRef = D5AA59442426C806000BEC5C /* mylist.json */; };
		D5AA5947242700BD000BEC5C /* ColorManager.swift in Sources */ = {isa = PBXBuildFile; fileRef = D5AA5946242700BD000BEC5C /* ColorManager.swift */; };
		D5AA594924271264000BEC5C /* ViewRouter.swift in Sources */ = {isa = PBXBuildFile; fileRef = D5AA594824271264000BEC5C /* ViewRouter.swift */; };
		D5AA594B24271366000BEC5C /* ListView.swift in Sources */ = {isa = PBXBuildFile; fileRef = D5AA594A24271366000BEC5C /* ListView.swift */; };
		D5AA594D24271391000BEC5C /* ContentView.swift in Sources */ = {isa = PBXBuildFile; fileRef = D5AA594C24271391000BEC5C /* ContentView.swift */; };
		D5AD27612425B06100462F1C /* Caveat-Regular.ttf in Resources */ = {isa = PBXBuildFile; fileRef = D5AD27572425B06100462F1C /* Caveat-Regular.ttf */; };
		D5AD27632425B06100462F1C /* Caveat-Bold.ttf in Resources */ = {isa = PBXBuildFile; fileRef = D5AD27592425B06100462F1C /* Caveat-Bold.ttf */; };
		D5AD27732425B0D400462F1C /* Ubuntu-Bold.ttf in Resources */ = {isa = PBXBuildFile; fileRef = D5AD27682425B07B00462F1C /* Ubuntu-Bold.ttf */; };
		D5AD27742425B0D400462F1C /* Ubuntu-BoldItalic.ttf in Resources */ = {isa = PBXBuildFile; fileRef = D5AD276E2425B07C00462F1C /* Ubuntu-BoldItalic.ttf */; };
		D5AD27752425B0D400462F1C /* Ubuntu-Italic.ttf in Resources */ = {isa = PBXBuildFile; fileRef = D5AD276F2425B07C00462F1C /* Ubuntu-Italic.ttf */; };
		D5AD27762425B0D400462F1C /* Ubuntu-Light.ttf in Resources */ = {isa = PBXBuildFile; fileRef = D5AD276C2425B07C00462F1C /* Ubuntu-Light.ttf */; };
		D5AD27772425B0D400462F1C /* Ubuntu-LightItalic.ttf in Resources */ = {isa = PBXBuildFile; fileRef = D5AD276D2425B07C00462F1C /* Ubuntu-LightItalic.ttf */; };
		D5AD27782425B0D400462F1C /* Ubuntu-Medium.ttf in Resources */ = {isa = PBXBuildFile; fileRef = D5AD27692425B07B00462F1C /* Ubuntu-Medium.ttf */; };
		D5AD27792425B0D400462F1C /* Ubuntu-MediumItalic.ttf in Resources */ = {isa = PBXBuildFile; fileRef = D5AD276A2425B07C00462F1C /* Ubuntu-MediumItalic.ttf */; };
		D5AD277A2425B0D400462F1C /* Ubuntu-Regular.ttf in Resources */ = {isa = PBXBuildFile; fileRef = D5AD276B2425B07C00462F1C /* Ubuntu-Regular.ttf */; };
		D5F0894E24253AC4000D375D /* AppDelegate.swift in Sources */ = {isa = PBXBuildFile; fileRef = D5F0894D24253AC4000D375D /* AppDelegate.swift */; };
		D5F0895024253AC4000D375D /* SceneDelegate.swift in Sources */ = {isa = PBXBuildFile; fileRef = D5F0894F24253AC4000D375D /* SceneDelegate.swift */; };
		D5F0895224253AC4000D375D /* LoginView.swift in Sources */ = {isa = PBXBuildFile; fileRef = D5F0895124253AC4000D375D /* LoginView.swift */; };
		D5F0895424253AC6000D375D /* Assets.xcassets in Resources */ = {isa = PBXBuildFile; fileRef = D5F0895324253AC6000D375D /* Assets.xcassets */; };
		D5F0895724253AC6000D375D /* Preview Assets.xcassets in Resources */ = {isa = PBXBuildFile; fileRef = D5F0895624253AC6000D375D /* Preview Assets.xcassets */; };
		D5F0895A24253AC6000D375D /* LaunchScreen.storyboard in Resources */ = {isa = PBXBuildFile; fileRef = D5F0895824253AC6000D375D /* LaunchScreen.storyboard */; };
		D5F0896524253AC6000D375D /* GrumbleTests.swift in Sources */ = {isa = PBXBuildFile; fileRef = D5F0896424253AC6000D375D /* GrumbleTests.swift */; };
		D5F0897024253AC6000D375D /* GrumbleUITests.swift in Sources */ = {isa = PBXBuildFile; fileRef = D5F0896F24253AC6000D375D /* GrumbleUITests.swift */; };
		D5F0898A24257849000D375D /* Podfile in Resources */ = {isa = PBXBuildFile; fileRef = D5F0898924257849000D375D /* Podfile */; };
/* End PBXBuildFile section */

/* Begin PBXContainerItemProxy section */
		D5F0896124253AC6000D375D /* PBXContainerItemProxy */ = {
			isa = PBXContainerItemProxy;
			containerPortal = D5F0894224253AC4000D375D /* Project object */;
			proxyType = 1;
			remoteGlobalIDString = D5F0894924253AC4000D375D;
			remoteInfo = Grumble;
		};
		D5F0896C24253AC6000D375D /* PBXContainerItemProxy */ = {
			isa = PBXContainerItemProxy;
			containerPortal = D5F0894224253AC4000D375D /* Project object */;
			proxyType = 1;
			remoteGlobalIDString = D5F0894924253AC4000D375D;
			remoteInfo = Grumble;
		};
/* End PBXContainerItemProxy section */

/* Begin PBXFileReference section */
		09A0F8D54073F13B1BD8520C /* libPods-Grumble.a */ = {isa = PBXFileReference; explicitFileType = archive.ar; includeInIndex = 0; path = "libPods-Grumble.a"; sourceTree = BUILT_PRODUCTS_DIR; };
		5AB401C6E5D9A621E12DC532 /* Pods-Grumble.release.xcconfig */ = {isa = PBXFileReference; includeInIndex = 1; lastKnownFileType = text.xcconfig; name = "Pods-Grumble.release.xcconfig"; path = "Target Support Files/Pods-Grumble/Pods-Grumble.release.xcconfig"; sourceTree = "<group>"; };
		D55EEB9F24271FBB0079922E /* SettingsView.swift */ = {isa = PBXFileReference; lastKnownFileType = sourcecode.swift; path = SettingsView.swift; sourceTree = "<group>"; };
		D55EEBA1242839310079922E /* AddToListView.swift */ = {isa = PBXFileReference; lastKnownFileType = sourcecode.swift; path = AddToListView.swift; sourceTree = "<group>"; };
		D55EEBA3242867710079922E /* TabView.swift */ = {isa = PBXFileReference; lastKnownFileType = sourcecode.swift; path = TabView.swift; sourceTree = "<group>"; };
		D58C599C242B057B00137546 /* PriceFieldContainer.swift */ = {isa = PBXFileReference; lastKnownFileType = sourcecode.swift; path = PriceFieldContainer.swift; sourceTree = "<group>"; };
		D58C599F242C07AC00137546 /* Teko-Regular.ttf */ = {isa = PBXFileReference; lastKnownFileType = file; path = "Teko-Regular.ttf"; sourceTree = "<group>"; };
		D58C59A0242C07AC00137546 /* Teko-Medium.ttf */ = {isa = PBXFileReference; lastKnownFileType = file; path = "Teko-Medium.ttf"; sourceTree = "<group>"; };
		D58C59A1242C07AC00137546 /* Teko-Light.ttf */ = {isa = PBXFileReference; lastKnownFileType = file; path = "Teko-Light.ttf"; sourceTree = "<group>"; };
		D58C59A2242C07AC00137546 /* Teko-Bold.ttf */ = {isa = PBXFileReference; lastKnownFileType = file; path = "Teko-Bold.ttf"; sourceTree = "<group>"; };
		D58C59A3242C07AC00137546 /* Teko-SemiBold.ttf */ = {isa = PBXFileReference; lastKnownFileType = file; path = "Teko-SemiBold.ttf"; sourceTree = "<group>"; };
		D5AA59392425E996000BEC5C /* MainView.swift */ = {isa = PBXFileReference; lastKnownFileType = sourcecode.swift; path = MainView.swift; sourceTree = "<group>"; };
		D5AA593B2426BFA2000BEC5C /* Restaurant.swift */ = {isa = PBXFileReference; lastKnownFileType = sourcecode.swift; path = Restaurant.swift; sourceTree = "<group>"; };
		D5AA593D2426C24F000BEC5C /* IOManager.swift */ = {isa = PBXFileReference; lastKnownFileType = sourcecode.swift; path = IOManager.swift; sourceTree = "<group>"; };
		D5AA59442426C806000BEC5C /* mylist.json */ = {isa = PBXFileReference; lastKnownFileType = text.json; path = mylist.json; sourceTree = "<group>"; };
		D5AA5946242700BD000BEC5C /* ColorManager.swift */ = {isa = PBXFileReference; lastKnownFileType = sourcecode.swift; path = ColorManager.swift; sourceTree = "<group>"; };
		D5AA594824271264000BEC5C /* ViewRouter.swift */ = {isa = PBXFileReference; lastKnownFileType = sourcecode.swift; path = ViewRouter.swift; sourceTree = "<group>"; };
		D5AA594A24271366000BEC5C /* ListView.swift */ = {isa = PBXFileReference; lastKnownFileType = sourcecode.swift; path = ListView.swift; sourceTree = "<group>"; };
		D5AA594C24271391000BEC5C /* ContentView.swift */ = {isa = PBXFileReference; lastKnownFileType = sourcecode.swift; path = ContentView.swift; sourceTree = "<group>"; };
		D5AD27572425B06100462F1C /* Caveat-Regular.ttf */ = {isa = PBXFileReference; lastKnownFileType = file; path = "Caveat-Regular.ttf"; sourceTree = "<group>"; };
		D5AD27592425B06100462F1C /* Caveat-Bold.ttf */ = {isa = PBXFileReference; lastKnownFileType = file; path = "Caveat-Bold.ttf"; sourceTree = "<group>"; };
		D5AD27682425B07B00462F1C /* Ubuntu-Bold.ttf */ = {isa = PBXFileReference; lastKnownFileType = file; path = "Ubuntu-Bold.ttf"; sourceTree = "<group>"; };
		D5AD27692425B07B00462F1C /* Ubuntu-Medium.ttf */ = {isa = PBXFileReference; lastKnownFileType = file; path = "Ubuntu-Medium.ttf"; sourceTree = "<group>"; };
		D5AD276A2425B07C00462F1C /* Ubuntu-MediumItalic.ttf */ = {isa = PBXFileReference; lastKnownFileType = file; path = "Ubuntu-MediumItalic.ttf"; sourceTree = "<group>"; };
		D5AD276B2425B07C00462F1C /* Ubuntu-Regular.ttf */ = {isa = PBXFileReference; lastKnownFileType = file; path = "Ubuntu-Regular.ttf"; sourceTree = "<group>"; };
		D5AD276C2425B07C00462F1C /* Ubuntu-Light.ttf */ = {isa = PBXFileReference; lastKnownFileType = file; path = "Ubuntu-Light.ttf"; sourceTree = "<group>"; };
		D5AD276D2425B07C00462F1C /* Ubuntu-LightItalic.ttf */ = {isa = PBXFileReference; lastKnownFileType = file; path = "Ubuntu-LightItalic.ttf"; sourceTree = "<group>"; };
		D5AD276E2425B07C00462F1C /* Ubuntu-BoldItalic.ttf */ = {isa = PBXFileReference; lastKnownFileType = file; path = "Ubuntu-BoldItalic.ttf"; sourceTree = "<group>"; };
		D5AD276F2425B07C00462F1C /* Ubuntu-Italic.ttf */ = {isa = PBXFileReference; lastKnownFileType = file; path = "Ubuntu-Italic.ttf"; sourceTree = "<group>"; };
		D5F0894A24253AC4000D375D /* Grumble.app */ = {isa = PBXFileReference; explicitFileType = wrapper.application; includeInIndex = 0; path = Grumble.app; sourceTree = BUILT_PRODUCTS_DIR; };
		D5F0894D24253AC4000D375D /* AppDelegate.swift */ = {isa = PBXFileReference; lastKnownFileType = sourcecode.swift; path = AppDelegate.swift; sourceTree = "<group>"; };
		D5F0894F24253AC4000D375D /* SceneDelegate.swift */ = {isa = PBXFileReference; lastKnownFileType = sourcecode.swift; path = SceneDelegate.swift; sourceTree = "<group>"; };
		D5F0895124253AC4000D375D /* LoginView.swift */ = {isa = PBXFileReference; lastKnownFileType = sourcecode.swift; path = LoginView.swift; sourceTree = "<group>"; };
		D5F0895324253AC6000D375D /* Assets.xcassets */ = {isa = PBXFileReference; lastKnownFileType = folder.assetcatalog; path = Assets.xcassets; sourceTree = "<group>"; };
		D5F0895624253AC6000D375D /* Preview Assets.xcassets */ = {isa = PBXFileReference; lastKnownFileType = folder.assetcatalog; path = "Preview Assets.xcassets"; sourceTree = "<group>"; };
		D5F0895924253AC6000D375D /* Base */ = {isa = PBXFileReference; lastKnownFileType = file.storyboard; name = Base; path = Base.lproj/LaunchScreen.storyboard; sourceTree = "<group>"; };
		D5F0895B24253AC6000D375D /* Info.plist */ = {isa = PBXFileReference; lastKnownFileType = text.plist.xml; path = Info.plist; sourceTree = "<group>"; };
		D5F0896024253AC6000D375D /* GrumbleTests.xctest */ = {isa = PBXFileReference; explicitFileType = wrapper.cfbundle; includeInIndex = 0; path = GrumbleTests.xctest; sourceTree = BUILT_PRODUCTS_DIR; };
		D5F0896424253AC6000D375D /* GrumbleTests.swift */ = {isa = PBXFileReference; lastKnownFileType = sourcecode.swift; path = GrumbleTests.swift; sourceTree = "<group>"; };
		D5F0896624253AC6000D375D /* Info.plist */ = {isa = PBXFileReference; lastKnownFileType = text.plist.xml; path = Info.plist; sourceTree = "<group>"; };
		D5F0896B24253AC6000D375D /* GrumbleUITests.xctest */ = {isa = PBXFileReference; explicitFileType = wrapper.cfbundle; includeInIndex = 0; path = GrumbleUITests.xctest; sourceTree = BUILT_PRODUCTS_DIR; };
		D5F0896F24253AC6000D375D /* GrumbleUITests.swift */ = {isa = PBXFileReference; lastKnownFileType = sourcecode.swift; path = GrumbleUITests.swift; sourceTree = "<group>"; };
		D5F0897124253AC6000D375D /* Info.plist */ = {isa = PBXFileReference; lastKnownFileType = text.plist.xml; path = Info.plist; sourceTree = "<group>"; };
		D5F0898924257849000D375D /* Podfile */ = {isa = PBXFileReference; lastKnownFileType = text; path = Podfile; sourceTree = "<group>"; xcLanguageSpecificationIdentifier = xcode.lang.ruby; };
		ED149BE92003F8141B511C8E /* Pods-Grumble.debug.xcconfig */ = {isa = PBXFileReference; includeInIndex = 1; lastKnownFileType = text.xcconfig; name = "Pods-Grumble.debug.xcconfig"; path = "Target Support Files/Pods-Grumble/Pods-Grumble.debug.xcconfig"; sourceTree = "<group>"; };
/* End PBXFileReference section */

/* Begin PBXFrameworksBuildPhase section */
		D5F0894724253AC4000D375D /* Frameworks */ = {
			isa = PBXFrameworksBuildPhase;
			buildActionMask = 2147483647;
			files = (
				34BC42A9D1B264DF3139D05B /* libPods-Grumble.a in Frameworks */,
			);
			runOnlyForDeploymentPostprocessing = 0;
		};
		D5F0895D24253AC6000D375D /* Frameworks */ = {
			isa = PBXFrameworksBuildPhase;
			buildActionMask = 2147483647;
			files = (
			);
			runOnlyForDeploymentPostprocessing = 0;
		};
		D5F0896824253AC6000D375D /* Frameworks */ = {
			isa = PBXFrameworksBuildPhase;
			buildActionMask = 2147483647;
			files = (
			);
			runOnlyForDeploymentPostprocessing = 0;
		};
/* End PBXFrameworksBuildPhase section */

/* Begin PBXGroup section */
		C8B12A5EA3443A5CFCB4AC05 /* Frameworks */ = {
			isa = PBXGroup;
			children = (
				09A0F8D54073F13B1BD8520C /* libPods-Grumble.a */,
			);
			name = Frameworks;
			sourceTree = "<group>";
		};
		D58C599E242C079200137546 /* Teko */ = {
			isa = PBXGroup;
			children = (
				D58C59A2242C07AC00137546 /* Teko-Bold.ttf */,
				D58C59A1242C07AC00137546 /* Teko-Light.ttf */,
				D58C59A0242C07AC00137546 /* Teko-Medium.ttf */,
				D58C599F242C07AC00137546 /* Teko-Regular.ttf */,
				D58C59A3242C07AC00137546 /* Teko-SemiBold.ttf */,
			);
			path = Teko;
			sourceTree = "<group>";
		};
		D5AA593F2426C3BA000BEC5C /* Resources */ = {
			isa = PBXGroup;
			children = (
				D5AD27672425B07000462F1C /* Fonts */,
				D5AA59442426C806000BEC5C /* mylist.json */,
			);
			path = Resources;
			sourceTree = "<group>";
		};
		D5AA59422426C44D000BEC5C /* Delegates */ = {
			isa = PBXGroup;
			children = (
				D5F0894D24253AC4000D375D /* AppDelegate.swift */,
				D5F0894F24253AC4000D375D /* SceneDelegate.swift */,
				D5AA594824271264000BEC5C /* ViewRouter.swift */,
			);
			name = Delegates;
			sourceTree = "<group>";
		};
		D5AA59432426C457000BEC5C /* Views */ = {
			isa = PBXGroup;
			children = (
				D5F0895824253AC6000D375D /* LaunchScreen.storyboard */,
				D5AA59392425E996000BEC5C /* MainView.swift */,
				D5F0895124253AC4000D375D /* LoginView.swift */,
				D5AA594C24271391000BEC5C /* ContentView.swift */,
				D55EEBA3242867710079922E /* TabView.swift */,
				D5AA594A24271366000BEC5C /* ListView.swift */,
				D55EEBA1242839310079922E /* AddToListView.swift */,
				D58C599C242B057B00137546 /* PriceFieldContainer.swift */,
				D55EEB9F24271FBB0079922E /* SettingsView.swift */,
			);
			name = Views;
			sourceTree = "<group>";
		};
		D5AD27672425B07000462F1C /* Fonts */ = {
			isa = PBXGroup;
			children = (
				D58C599E242C079200137546 /* Teko */,
				D5AD27712425B0C500462F1C /* Caveat */,
				D5AD27722425B0CC00462F1C /* Ubuntu */,
			);
			path = Fonts;
			sourceTree = "<group>";
		};
		D5AD27712425B0C500462F1C /* Caveat */ = {
			isa = PBXGroup;
			children = (
				D5AD27572425B06100462F1C /* Caveat-Regular.ttf */,
				D5AD27592425B06100462F1C /* Caveat-Bold.ttf */,
			);
			path = Caveat;
			sourceTree = "<group>";
		};
		D5AD27722425B0CC00462F1C /* Ubuntu */ = {
			isa = PBXGroup;
			children = (
				D5AD27682425B07B00462F1C /* Ubuntu-Bold.ttf */,
				D5AD276E2425B07C00462F1C /* Ubuntu-BoldItalic.ttf */,
				D5AD276F2425B07C00462F1C /* Ubuntu-Italic.ttf */,
				D5AD276C2425B07C00462F1C /* Ubuntu-Light.ttf */,
				D5AD276D2425B07C00462F1C /* Ubuntu-LightItalic.ttf */,
				D5AD27692425B07B00462F1C /* Ubuntu-Medium.ttf */,
				D5AD276A2425B07C00462F1C /* Ubuntu-MediumItalic.ttf */,
				D5AD276B2425B07C00462F1C /* Ubuntu-Regular.ttf */,
			);
			path = Ubuntu;
			sourceTree = "<group>";
		};
		D5F0894124253AC4000D375D = {
			isa = PBXGroup;
			children = (
				D5F0898924257849000D375D /* Podfile */,
				D5F0894C24253AC4000D375D /* Grumble */,
				D5F0896324253AC6000D375D /* GrumbleTests */,
				D5F0896E24253AC6000D375D /* GrumbleUITests */,
				D5F0894B24253AC4000D375D /* Products */,
				F9A4E1E97E7865952106D24C /* Pods */,
				C8B12A5EA3443A5CFCB4AC05 /* Frameworks */,
			);
			sourceTree = "<group>";
		};
		D5F0894B24253AC4000D375D /* Products */ = {
			isa = PBXGroup;
			children = (
				D5F0894A24253AC4000D375D /* Grumble.app */,
				D5F0896024253AC6000D375D /* GrumbleTests.xctest */,
				D5F0896B24253AC6000D375D /* GrumbleUITests.xctest */,
			);
			name = Products;
			sourceTree = "<group>";
		};
		D5F0894C24253AC4000D375D /* Grumble */ = {
			isa = PBXGroup;
			children = (
				D5AA59422426C44D000BEC5C /* Delegates */,
				D5AA59432426C457000BEC5C /* Views */,
				D5AA5946242700BD000BEC5C /* ColorManager.swift */,
				D5AA593D2426C24F000BEC5C /* IOManager.swift */,
				D5AA593B2426BFA2000BEC5C /* Restaurant.swift */,
				D5AA593F2426C3BA000BEC5C /* Resources */,
				D5F0895324253AC6000D375D /* Assets.xcassets */,
				D5F0895B24253AC6000D375D /* Info.plist */,
				D5F0895524253AC6000D375D /* Preview Content */,
			);
			path = Grumble;
			sourceTree = "<group>";
		};
		D5F0895524253AC6000D375D /* Preview Content */ = {
			isa = PBXGroup;
			children = (
				D5F0895624253AC6000D375D /* Preview Assets.xcassets */,
			);
			path = "Preview Content";
			sourceTree = "<group>";
		};
		D5F0896324253AC6000D375D /* GrumbleTests */ = {
			isa = PBXGroup;
			children = (
				D5F0896424253AC6000D375D /* GrumbleTests.swift */,
				D5F0896624253AC6000D375D /* Info.plist */,
			);
			path = GrumbleTests;
			sourceTree = "<group>";
		};
		D5F0896E24253AC6000D375D /* GrumbleUITests */ = {
			isa = PBXGroup;
			children = (
				D5F0896F24253AC6000D375D /* GrumbleUITests.swift */,
				D5F0897124253AC6000D375D /* Info.plist */,
			);
			path = GrumbleUITests;
			sourceTree = "<group>";
		};
		F9A4E1E97E7865952106D24C /* Pods */ = {
			isa = PBXGroup;
			children = (
				ED149BE92003F8141B511C8E /* Pods-Grumble.debug.xcconfig */,
				5AB401C6E5D9A621E12DC532 /* Pods-Grumble.release.xcconfig */,
			);
			path = Pods;
			sourceTree = "<group>";
		};
/* End PBXGroup section */

/* Begin PBXNativeTarget section */
		D5F0894924253AC4000D375D /* Grumble */ = {
			isa = PBXNativeTarget;
			buildConfigurationList = D5F0897424253AC6000D375D /* Build configuration list for PBXNativeTarget "Grumble" */;
			buildPhases = (
				510C9CBD87DC7DCFD4031F67 /* [CP] Check Pods Manifest.lock */,
				D5F0894624253AC4000D375D /* Sources */,
				D5F0894724253AC4000D375D /* Frameworks */,
				D5F0894824253AC4000D375D /* Resources */,
				C3FA3BA3097126BA7916DF07 /* [CP] Copy Pods Resources */,
			);
			buildRules = (
			);
			dependencies = (
			);
			name = Grumble;
			productName = Grumble;
			productReference = D5F0894A24253AC4000D375D /* Grumble.app */;
			productType = "com.apple.product-type.application";
		};
		D5F0895F24253AC6000D375D /* GrumbleTests */ = {
			isa = PBXNativeTarget;
			buildConfigurationList = D5F0897724253AC6000D375D /* Build configuration list for PBXNativeTarget "GrumbleTests" */;
			buildPhases = (
				D5F0895C24253AC6000D375D /* Sources */,
				D5F0895D24253AC6000D375D /* Frameworks */,
				D5F0895E24253AC6000D375D /* Resources */,
			);
			buildRules = (
			);
			dependencies = (
				D5F0896224253AC6000D375D /* PBXTargetDependency */,
			);
			name = GrumbleTests;
			productName = GrumbleTests;
			productReference = D5F0896024253AC6000D375D /* GrumbleTests.xctest */;
			productType = "com.apple.product-type.bundle.unit-test";
		};
		D5F0896A24253AC6000D375D /* GrumbleUITests */ = {
			isa = PBXNativeTarget;
			buildConfigurationList = D5F0897A24253AC6000D375D /* Build configuration list for PBXNativeTarget "GrumbleUITests" */;
			buildPhases = (
				D5F0896724253AC6000D375D /* Sources */,
				D5F0896824253AC6000D375D /* Frameworks */,
				D5F0896924253AC6000D375D /* Resources */,
			);
			buildRules = (
			);
			dependencies = (
				D5F0896D24253AC6000D375D /* PBXTargetDependency */,
			);
			name = GrumbleUITests;
			productName = GrumbleUITests;
			productReference = D5F0896B24253AC6000D375D /* GrumbleUITests.xctest */;
			productType = "com.apple.product-type.bundle.ui-testing";
		};
/* End PBXNativeTarget section */

/* Begin PBXProject section */
		D5F0894224253AC4000D375D /* Project object */ = {
			isa = PBXProject;
			attributes = {
				LastSwiftUpdateCheck = 1130;
				LastUpgradeCheck = 1130;
				ORGANIZATIONNAME = "Cylumn, Inc.";
				TargetAttributes = {
					D5F0894924253AC4000D375D = {
						CreatedOnToolsVersion = 11.3.1;
					};
					D5F0895F24253AC6000D375D = {
						CreatedOnToolsVersion = 11.3.1;
						TestTargetID = D5F0894924253AC4000D375D;
					};
					D5F0896A24253AC6000D375D = {
						CreatedOnToolsVersion = 11.3.1;
						TestTargetID = D5F0894924253AC4000D375D;
					};
				};
			};
			buildConfigurationList = D5F0894524253AC4000D375D /* Build configuration list for PBXProject "Grumble" */;
			compatibilityVersion = "Xcode 9.3";
			developmentRegion = en;
			hasScannedForEncodings = 0;
			knownRegions = (
				en,
				Base,
			);
			mainGroup = D5F0894124253AC4000D375D;
			productRefGroup = D5F0894B24253AC4000D375D /* Products */;
			projectDirPath = "";
			projectRoot = "";
			targets = (
				D5F0894924253AC4000D375D /* Grumble */,
				D5F0895F24253AC6000D375D /* GrumbleTests */,
				D5F0896A24253AC6000D375D /* GrumbleUITests */,
			);
		};
/* End PBXProject section */

/* Begin PBXResourcesBuildPhase section */
		D5F0894824253AC4000D375D /* Resources */ = {
			isa = PBXResourcesBuildPhase;
			buildActionMask = 2147483647;
			files = (
				D5AD27792425B0D400462F1C /* Ubuntu-MediumItalic.ttf in Resources */,
				D5AA59452426C806000BEC5C /* mylist.json in Resources */,
				D58C59A7242C07AC00137546 /* Teko-Bold.ttf in Resources */,
				D5F0898A24257849000D375D /* Podfile in Resources */,
				D5AD27632425B06100462F1C /* Caveat-Bold.ttf in Resources */,
				D5AD277A2425B0D400462F1C /* Ubuntu-Regular.ttf in Resources */,
				D5AD27742425B0D400462F1C /* Ubuntu-BoldItalic.ttf in Resources */,
				D5AD27752425B0D400462F1C /* Ubuntu-Italic.ttf in Resources */,
				D58C59A8242C07AC00137546 /* Teko-SemiBold.ttf in Resources */,
				D58C59A5242C07AC00137546 /* Teko-Medium.ttf in Resources */,
				D5AD27772425B0D400462F1C /* Ubuntu-LightItalic.ttf in Resources */,
				D5AD27762425B0D400462F1C /* Ubuntu-Light.ttf in Resources */,
				D58C59A6242C07AC00137546 /* Teko-Light.ttf in Resources */,
				D5F0895A24253AC6000D375D /* LaunchScreen.storyboard in Resources */,
				D5AD27732425B0D400462F1C /* Ubuntu-Bold.ttf in Resources */,
				D5AD27612425B06100462F1C /* Caveat-Regular.ttf in Resources */,
				D5F0895724253AC6000D375D /* Preview Assets.xcassets in Resources */,
				D5AD27782425B0D400462F1C /* Ubuntu-Medium.ttf in Resources */,
				D58C59A4242C07AC00137546 /* Teko-Regular.ttf in Resources */,
				D5F0895424253AC6000D375D /* Assets.xcassets in Resources */,
			);
			runOnlyForDeploymentPostprocessing = 0;
		};
		D5F0895E24253AC6000D375D /* Resources */ = {
			isa = PBXResourcesBuildPhase;
			buildActionMask = 2147483647;
			files = (
			);
			runOnlyForDeploymentPostprocessing = 0;
		};
		D5F0896924253AC6000D375D /* Resources */ = {
			isa = PBXResourcesBuildPhase;
			buildActionMask = 2147483647;
			files = (
			);
			runOnlyForDeploymentPostprocessing = 0;
		};
/* End PBXResourcesBuildPhase section */

/* Begin PBXShellScriptBuildPhase section */
		510C9CBD87DC7DCFD4031F67 /* [CP] Check Pods Manifest.lock */ = {
			isa = PBXShellScriptBuildPhase;
			buildActionMask = 2147483647;
			files = (
			);
			inputFileListPaths = (
			);
			inputPaths = (
				"${PODS_PODFILE_DIR_PATH}/Podfile.lock",
				"${PODS_ROOT}/Manifest.lock",
			);
			name = "[CP] Check Pods Manifest.lock";
			outputFileListPaths = (
			);
			outputPaths = (
				"$(DERIVED_FILE_DIR)/Pods-Grumble-checkManifestLockResult.txt",
			);
			runOnlyForDeploymentPostprocessing = 0;
			shellPath = /bin/sh;
			shellScript = "diff \"${PODS_PODFILE_DIR_PATH}/Podfile.lock\" \"${PODS_ROOT}/Manifest.lock\" > /dev/null\nif [ $? != 0 ] ; then\n    # print error to STDERR\n    echo \"error: The sandbox is not in sync with the Podfile.lock. Run 'pod install' or update your CocoaPods installation.\" >&2\n    exit 1\nfi\n# This output is used by Xcode 'outputs' to avoid re-running this script phase.\necho \"SUCCESS\" > \"${SCRIPT_OUTPUT_FILE_0}\"\n";
			showEnvVarsInLog = 0;
		};
		C3FA3BA3097126BA7916DF07 /* [CP] Copy Pods Resources */ = {
			isa = PBXShellScriptBuildPhase;
			buildActionMask = 2147483647;
			files = (
			);
			inputFileListPaths = (
				"${PODS_ROOT}/Target Support Files/Pods-Grumble/Pods-Grumble-resources-${CONFIGURATION}-input-files.xcfilelist",
			);
			name = "[CP] Copy Pods Resources";
			outputFileListPaths = (
				"${PODS_ROOT}/Target Support Files/Pods-Grumble/Pods-Grumble-resources-${CONFIGURATION}-output-files.xcfilelist",
			);
			runOnlyForDeploymentPostprocessing = 0;
			shellPath = /bin/sh;
			shellScript = "\"${PODS_ROOT}/Target Support Files/Pods-Grumble/Pods-Grumble-resources.sh\"\n";
			showEnvVarsInLog = 0;
		};
/* End PBXShellScriptBuildPhase section */

/* Begin PBXSourcesBuildPhase section */
		D5F0894624253AC4000D375D /* Sources */ = {
			isa = PBXSourcesBuildPhase;
			buildActionMask = 2147483647;
			files = (
				D5AA594924271264000BEC5C /* ViewRouter.swift in Sources */,
				D5F0894E24253AC4000D375D /* AppDelegate.swift in Sources */,
				D55EEBA4242867710079922E /* TabView.swift in Sources */,
				D5AA594B24271366000BEC5C /* ListView.swift in Sources */,
				D5F0895024253AC4000D375D /* SceneDelegate.swift in Sources */,
				D5AA593E2426C24F000BEC5C /* IOManager.swift in Sources */,
				D5AA593C2426BFA2000BEC5C /* Restaurant.swift in Sources */,
				D5AA594D24271391000BEC5C /* ContentView.swift in Sources */,
				D5AA593A2425E996000BEC5C /* MainView.swift in Sources */,
				D5F0895224253AC4000D375D /* LoginView.swift in Sources */,
				D55EEBA2242839310079922E /* AddToListView.swift in Sources */,
				D5AA5947242700BD000BEC5C /* ColorManager.swift in Sources */,
				D58C599D242B057B00137546 /* PriceFieldContainer.swift in Sources */,
				D55EEBA024271FBB0079922E /* SettingsView.swift in Sources */,
			);
			runOnlyForDeploymentPostprocessing = 0;
		};
		D5F0895C24253AC6000D375D /* Sources */ = {
			isa = PBXSourcesBuildPhase;
			buildActionMask = 2147483647;
			files = (
				D5F0896524253AC6000D375D /* GrumbleTests.swift in Sources */,
			);
			runOnlyForDeploymentPostprocessing = 0;
		};
		D5F0896724253AC6000D375D /* Sources */ = {
			isa = PBXSourcesBuildPhase;
			buildActionMask = 2147483647;
			files = (
				D5F0897024253AC6000D375D /* GrumbleUITests.swift in Sources */,
			);
			runOnlyForDeploymentPostprocessing = 0;
		};
/* End PBXSourcesBuildPhase section */

/* Begin PBXTargetDependency section */
		D5F0896224253AC6000D375D /* PBXTargetDependency */ = {
			isa = PBXTargetDependency;
			target = D5F0894924253AC4000D375D /* Grumble */;
			targetProxy = D5F0896124253AC6000D375D /* PBXContainerItemProxy */;
		};
		D5F0896D24253AC6000D375D /* PBXTargetDependency */ = {
			isa = PBXTargetDependency;
			target = D5F0894924253AC4000D375D /* Grumble */;
			targetProxy = D5F0896C24253AC6000D375D /* PBXContainerItemProxy */;
		};
/* End PBXTargetDependency section */

/* Begin PBXVariantGroup section */
		D5F0895824253AC6000D375D /* LaunchScreen.storyboard */ = {
			isa = PBXVariantGroup;
			children = (
				D5F0895924253AC6000D375D /* Base */,
			);
			name = LaunchScreen.storyboard;
			sourceTree = "<group>";
		};
/* End PBXVariantGroup section */

/* Begin XCBuildConfiguration section */
		D5F0897224253AC6000D375D /* Debug */ = {
			isa = XCBuildConfiguration;
			buildSettings = {
				ALWAYS_SEARCH_USER_PATHS = NO;
				CLANG_ANALYZER_NONNULL = YES;
				CLANG_ANALYZER_NUMBER_OBJECT_CONVERSION = YES_AGGRESSIVE;
				CLANG_CXX_LANGUAGE_STANDARD = "gnu++14";
				CLANG_CXX_LIBRARY = "libc++";
				CLANG_ENABLE_MODULES = YES;
				CLANG_ENABLE_OBJC_ARC = YES;
				CLANG_ENABLE_OBJC_WEAK = YES;
				CLANG_WARN_BLOCK_CAPTURE_AUTORELEASING = YES;
				CLANG_WARN_BOOL_CONVERSION = YES;
				CLANG_WARN_COMMA = YES;
				CLANG_WARN_CONSTANT_CONVERSION = YES;
				CLANG_WARN_DEPRECATED_OBJC_IMPLEMENTATIONS = YES;
				CLANG_WARN_DIRECT_OBJC_ISA_USAGE = YES_ERROR;
				CLANG_WARN_DOCUMENTATION_COMMENTS = YES;
				CLANG_WARN_EMPTY_BODY = YES;
				CLANG_WARN_ENUM_CONVERSION = YES;
				CLANG_WARN_INFINITE_RECURSION = YES;
				CLANG_WARN_INT_CONVERSION = YES;
				CLANG_WARN_NON_LITERAL_NULL_CONVERSION = YES;
				CLANG_WARN_OBJC_IMPLICIT_RETAIN_SELF = YES;
				CLANG_WARN_OBJC_LITERAL_CONVERSION = YES;
				CLANG_WARN_OBJC_ROOT_CLASS = YES_ERROR;
				CLANG_WARN_RANGE_LOOP_ANALYSIS = YES;
				CLANG_WARN_STRICT_PROTOTYPES = YES;
				CLANG_WARN_SUSPICIOUS_MOVE = YES;
				CLANG_WARN_UNGUARDED_AVAILABILITY = YES_AGGRESSIVE;
				CLANG_WARN_UNREACHABLE_CODE = YES;
				CLANG_WARN__DUPLICATE_METHOD_MATCH = YES;
				COPY_PHASE_STRIP = NO;
				DEBUG_INFORMATION_FORMAT = dwarf;
				ENABLE_STRICT_OBJC_MSGSEND = YES;
				ENABLE_TESTABILITY = YES;
				GCC_C_LANGUAGE_STANDARD = gnu11;
				GCC_DYNAMIC_NO_PIC = NO;
				GCC_NO_COMMON_BLOCKS = YES;
				GCC_OPTIMIZATION_LEVEL = 0;
				GCC_PREPROCESSOR_DEFINITIONS = (
					"DEBUG=1",
					"$(inherited)",
				);
				GCC_WARN_64_TO_32_BIT_CONVERSION = YES;
				GCC_WARN_ABOUT_RETURN_TYPE = YES_ERROR;
				GCC_WARN_UNDECLARED_SELECTOR = YES;
				GCC_WARN_UNINITIALIZED_AUTOS = YES_AGGRESSIVE;
				GCC_WARN_UNUSED_FUNCTION = YES;
				GCC_WARN_UNUSED_VARIABLE = YES;
				IPHONEOS_DEPLOYMENT_TARGET = 13.2;
				MTL_ENABLE_DEBUG_INFO = INCLUDE_SOURCE;
				MTL_FAST_MATH = YES;
				ONLY_ACTIVE_ARCH = YES;
				SDKROOT = iphoneos;
				SWIFT_ACTIVE_COMPILATION_CONDITIONS = DEBUG;
				SWIFT_OPTIMIZATION_LEVEL = "-Onone";
			};
			name = Debug;
		};
		D5F0897324253AC6000D375D /* Release */ = {
			isa = XCBuildConfiguration;
			buildSettings = {
				ALWAYS_SEARCH_USER_PATHS = NO;
				CLANG_ANALYZER_NONNULL = YES;
				CLANG_ANALYZER_NUMBER_OBJECT_CONVERSION = YES_AGGRESSIVE;
				CLANG_CXX_LANGUAGE_STANDARD = "gnu++14";
				CLANG_CXX_LIBRARY = "libc++";
				CLANG_ENABLE_MODULES = YES;
				CLANG_ENABLE_OBJC_ARC = YES;
				CLANG_ENABLE_OBJC_WEAK = YES;
				CLANG_WARN_BLOCK_CAPTURE_AUTORELEASING = YES;
				CLANG_WARN_BOOL_CONVERSION = YES;
				CLANG_WARN_COMMA = YES;
				CLANG_WARN_CONSTANT_CONVERSION = YES;
				CLANG_WARN_DEPRECATED_OBJC_IMPLEMENTATIONS = YES;
				CLANG_WARN_DIRECT_OBJC_ISA_USAGE = YES_ERROR;
				CLANG_WARN_DOCUMENTATION_COMMENTS = YES;
				CLANG_WARN_EMPTY_BODY = YES;
				CLANG_WARN_ENUM_CONVERSION = YES;
				CLANG_WARN_INFINITE_RECURSION = YES;
				CLANG_WARN_INT_CONVERSION = YES;
				CLANG_WARN_NON_LITERAL_NULL_CONVERSION = YES;
				CLANG_WARN_OBJC_IMPLICIT_RETAIN_SELF = YES;
				CLANG_WARN_OBJC_LITERAL_CONVERSION = YES;
				CLANG_WARN_OBJC_ROOT_CLASS = YES_ERROR;
				CLANG_WARN_RANGE_LOOP_ANALYSIS = YES;
				CLANG_WARN_STRICT_PROTOTYPES = YES;
				CLANG_WARN_SUSPICIOUS_MOVE = YES;
				CLANG_WARN_UNGUARDED_AVAILABILITY = YES_AGGRESSIVE;
				CLANG_WARN_UNREACHABLE_CODE = YES;
				CLANG_WARN__DUPLICATE_METHOD_MATCH = YES;
				COPY_PHASE_STRIP = NO;
				DEBUG_INFORMATION_FORMAT = "dwarf-with-dsym";
				ENABLE_NS_ASSERTIONS = NO;
				ENABLE_STRICT_OBJC_MSGSEND = YES;
				GCC_C_LANGUAGE_STANDARD = gnu11;
				GCC_NO_COMMON_BLOCKS = YES;
				GCC_WARN_64_TO_32_BIT_CONVERSION = YES;
				GCC_WARN_ABOUT_RETURN_TYPE = YES_ERROR;
				GCC_WARN_UNDECLARED_SELECTOR = YES;
				GCC_WARN_UNINITIALIZED_AUTOS = YES_AGGRESSIVE;
				GCC_WARN_UNUSED_FUNCTION = YES;
				GCC_WARN_UNUSED_VARIABLE = YES;
				IPHONEOS_DEPLOYMENT_TARGET = 13.2;
				MTL_ENABLE_DEBUG_INFO = NO;
				MTL_FAST_MATH = YES;
				SDKROOT = iphoneos;
				SWIFT_COMPILATION_MODE = wholemodule;
				SWIFT_OPTIMIZATION_LEVEL = "-O";
				VALIDATE_PRODUCT = YES;
			};
			name = Release;
		};
		D5F0897524253AC6000D375D /* Debug */ = {
			isa = XCBuildConfiguration;
			baseConfigurationReference = ED149BE92003F8141B511C8E /* Pods-Grumble.debug.xcconfig */;
			buildSettings = {
				ASSETCATALOG_COMPILER_APPICON_NAME = AppIcon;
				CODE_SIGN_STYLE = Automatic;
				DEVELOPMENT_ASSET_PATHS = "\"Grumble/Preview Content\"";
				DEVELOPMENT_TEAM = 7M276LB969;
				ENABLE_PREVIEWS = YES;
				INFOPLIST_FILE = Grumble/Info.plist;
				LD_RUNPATH_SEARCH_PATHS = (
					"$(inherited)",
					"@executable_path/Frameworks",
				);
				PRODUCT_BUNDLE_IDENTIFIER = com.cylumn.Grumble;
				PRODUCT_NAME = "$(TARGET_NAME)";
				SWIFT_VERSION = 5.0;
				TARGETED_DEVICE_FAMILY = 1;
			};
			name = Debug;
		};
		D5F0897624253AC6000D375D /* Release */ = {
			isa = XCBuildConfiguration;
			baseConfigurationReference = 5AB401C6E5D9A621E12DC532 /* Pods-Grumble.release.xcconfig */;
			buildSettings = {
				ASSETCATALOG_COMPILER_APPICON_NAME = AppIcon;
				CODE_SIGN_STYLE = Automatic;
				DEVELOPMENT_ASSET_PATHS = "\"Grumble/Preview Content\"";
				DEVELOPMENT_TEAM = 7M276LB969;
				ENABLE_PREVIEWS = YES;
				INFOPLIST_FILE = Grumble/Info.plist;
				LD_RUNPATH_SEARCH_PATHS = (
					"$(inherited)",
					"@executable_path/Frameworks",
				);
				PRODUCT_BUNDLE_IDENTIFIER = com.cylumn.Grumble;
				PRODUCT_NAME = "$(TARGET_NAME)";
				SWIFT_VERSION = 5.0;
				TARGETED_DEVICE_FAMILY = 1;
			};
			name = Release;
		};
		D5F0897824253AC6000D375D /* Debug */ = {
			isa = XCBuildConfiguration;
			buildSettings = {
				ALWAYS_EMBED_SWIFT_STANDARD_LIBRARIES = YES;
				BUNDLE_LOADER = "$(TEST_HOST)";
				CODE_SIGN_STYLE = Automatic;
				DEVELOPMENT_TEAM = 7M276LB969;
				INFOPLIST_FILE = GrumbleTests/Info.plist;
				IPHONEOS_DEPLOYMENT_TARGET = 13.2;
				LD_RUNPATH_SEARCH_PATHS = (
					"$(inherited)",
					"@executable_path/Frameworks",
					"@loader_path/Frameworks",
				);
				PRODUCT_BUNDLE_IDENTIFIER = com.cylumn.GrumbleTests;
				PRODUCT_NAME = "$(TARGET_NAME)";
				SWIFT_VERSION = 5.0;
				TARGETED_DEVICE_FAMILY = "1,2";
				TEST_HOST = "$(BUILT_PRODUCTS_DIR)/Grumble.app/Grumble";
			};
			name = Debug;
		};
		D5F0897924253AC6000D375D /* Release */ = {
			isa = XCBuildConfiguration;
			buildSettings = {
				ALWAYS_EMBED_SWIFT_STANDARD_LIBRARIES = YES;
				BUNDLE_LOADER = "$(TEST_HOST)";
				CODE_SIGN_STYLE = Automatic;
				DEVELOPMENT_TEAM = 7M276LB969;
				INFOPLIST_FILE = GrumbleTests/Info.plist;
				IPHONEOS_DEPLOYMENT_TARGET = 13.2;
				LD_RUNPATH_SEARCH_PATHS = (
					"$(inherited)",
					"@executable_path/Frameworks",
					"@loader_path/Frameworks",
				);
				PRODUCT_BUNDLE_IDENTIFIER = com.cylumn.GrumbleTests;
				PRODUCT_NAME = "$(TARGET_NAME)";
				SWIFT_VERSION = 5.0;
				TARGETED_DEVICE_FAMILY = "1,2";
				TEST_HOST = "$(BUILT_PRODUCTS_DIR)/Grumble.app/Grumble";
			};
			name = Release;
		};
		D5F0897B24253AC6000D375D /* Debug */ = {
			isa = XCBuildConfiguration;
			buildSettings = {
				ALWAYS_EMBED_SWIFT_STANDARD_LIBRARIES = YES;
				CODE_SIGN_STYLE = Automatic;
				DEVELOPMENT_TEAM = 7M276LB969;
				INFOPLIST_FILE = GrumbleUITests/Info.plist;
				LD_RUNPATH_SEARCH_PATHS = (
					"$(inherited)",
					"@executable_path/Frameworks",
					"@loader_path/Frameworks",
				);
				PRODUCT_BUNDLE_IDENTIFIER = com.cylumn.GrumbleUITests;
				PRODUCT_NAME = "$(TARGET_NAME)";
				SWIFT_VERSION = 5.0;
				TARGETED_DEVICE_FAMILY = "1,2";
				TEST_TARGET_NAME = Grumble;
			};
			name = Debug;
		};
		D5F0897C24253AC6000D375D /* Release */ = {
			isa = XCBuildConfiguration;
			buildSettings = {
				ALWAYS_EMBED_SWIFT_STANDARD_LIBRARIES = YES;
				CODE_SIGN_STYLE = Automatic;
				DEVELOPMENT_TEAM = 7M276LB969;
				INFOPLIST_FILE = GrumbleUITests/Info.plist;
				LD_RUNPATH_SEARCH_PATHS = (
					"$(inherited)",
					"@executable_path/Frameworks",
					"@loader_path/Frameworks",
				);
				PRODUCT_BUNDLE_IDENTIFIER = com.cylumn.GrumbleUITests;
				PRODUCT_NAME = "$(TARGET_NAME)";
				SWIFT_VERSION = 5.0;
				TARGETED_DEVICE_FAMILY = "1,2";
				TEST_TARGET_NAME = Grumble;
			};
			name = Release;
		};
/* End XCBuildConfiguration section */

/* Begin XCConfigurationList section */
		D5F0894524253AC4000D375D /* Build configuration list for PBXProject "Grumble" */ = {
			isa = XCConfigurationList;
			buildConfigurations = (
				D5F0897224253AC6000D375D /* Debug */,
				D5F0897324253AC6000D375D /* Release */,
			);
			defaultConfigurationIsVisible = 0;
			defaultConfigurationName = Release;
		};
		D5F0897424253AC6000D375D /* Build configuration list for PBXNativeTarget "Grumble" */ = {
			isa = XCConfigurationList;
			buildConfigurations = (
				D5F0897524253AC6000D375D /* Debug */,
				D5F0897624253AC6000D375D /* Release */,
			);
			defaultConfigurationIsVisible = 0;
			defaultConfigurationName = Release;
		};
		D5F0897724253AC6000D375D /* Build configuration list for PBXNativeTarget "GrumbleTests" */ = {
			isa = XCConfigurationList;
			buildConfigurations = (
				D5F0897824253AC6000D375D /* Debug */,
				D5F0897924253AC6000D375D /* Release */,
			);
			defaultConfigurationIsVisible = 0;
			defaultConfigurationName = Release;
		};
		D5F0897A24253AC6000D375D /* Build configuration list for PBXNativeTarget "GrumbleUITests" */ = {
			isa = XCConfigurationList;
			buildConfigurations = (
				D5F0897B24253AC6000D375D /* Debug */,
				D5F0897C24253AC6000D375D /* Release */,
			);
			defaultConfigurationIsVisible = 0;
			defaultConfigurationName = Release;
		};
/* End XCConfigurationList section */
	};
	rootObject = D5F0894224253AC4000D375D /* Project object */;
}
