// !$*UTF8*$!
{
	archiveVersion = 1;
	classes = {
	};
	objectVersion = 51;
	objects = {

/* Begin PBXBuildFile section */
		550272B9BC3A3C81F2E41812 /* libPods-Grumble.a in Frameworks */ = {isa = PBXBuildFile; fileRef = 1214F3538C175B0472B32C67 /* libPods-Grumble.a */; };
		D5014C222440F44700C5530B /* GrubItem.swift in Sources */ = {isa = PBXBuildFile; fileRef = D5014C212440F44700C5530B /* GrubItem.swift */; };
		D5014C242441431500C5530B /* GrubSheet.swift in Sources */ = {isa = PBXBuildFile; fileRef = D5014C232441431500C5530B /* GrubSheet.swift */; };
		D502922F2437A9FE008A5BFC /* TabRouter.swift in Sources */ = {isa = PBXBuildFile; fileRef = D502922E2437A9FE008A5BFC /* TabRouter.swift */; };
		D50292312437ACF5008A5BFC /* GFont.swift in Sources */ = {isa = PBXBuildFile; fileRef = D50292302437ACF5008A5BFC /* GFont.swift */; };
		D50292332437AE06008A5BFC /* ScreenDimension.swift in Sources */ = {isa = PBXBuildFile; fileRef = D50292322437AE06008A5BFC /* ScreenDimension.swift */; };
		D50292352437AECF008A5BFC /* GColor.swift in Sources */ = {isa = PBXBuildFile; fileRef = D50292342437AECF008A5BFC /* GColor.swift */; };
		D50292382437D6E1008A5BFC /* GAnimation.swift in Sources */ = {isa = PBXBuildFile; fileRef = D50292372437D6E1008A5BFC /* GAnimation.swift */; };
		D502923A2437F7B3008A5BFC /* GForm.swift in Sources */ = {isa = PBXBuildFile; fileRef = D50292392437F7B3008A5BFC /* GForm.swift */; };
		D51509C224525B780005C0E3 /* GFood.swift in Sources */ = {isa = PBXBuildFile; fileRef = D51509C124525B780005C0E3 /* GFood.swift */; };
		D51509C424539C970005C0E3 /* SearchList.swift in Sources */ = {isa = PBXBuildFile; fileRef = D51509C324539C970005C0E3 /* SearchList.swift */; };
		D51FECC9243131FA00BF129C /* KeyboardObserver.swift in Sources */ = {isa = PBXBuildFile; fileRef = D51FECC8243131FA00BF129C /* KeyboardObserver.swift */; };
		D51FECCB24316DC600BF129C /* SheetView.swift in Sources */ = {isa = PBXBuildFile; fileRef = D51FECCA24316DC600BF129C /* SheetView.swift */; };
		D51FECD82434189300BF129C /* SlideView.swift in Sources */ = {isa = PBXBuildFile; fileRef = D51FECD72434189300BF129C /* SlideView.swift */; };
		D51FECDE24370B1500BF129C /* UserCookie.swift in Sources */ = {isa = PBXBuildFile; fileRef = D51FECDD24370B1500BF129C /* UserCookie.swift */; };
		D524481B24310C9700903BE3 /* GrumbleTests.swift in Sources */ = {isa = PBXBuildFile; fileRef = D524481A24310C9700903BE3 /* GrumbleTests.swift */; };
		D524482924310C9E00903BE3 /* GrumbleUITests.swift in Sources */ = {isa = PBXBuildFile; fileRef = D524482824310C9E00903BE3 /* GrumbleUITests.swift */; };
		D540148824393502008F8CCF /* FieldParser.swift in Sources */ = {isa = PBXBuildFile; fileRef = D540148724393502008F8CCF /* FieldParser.swift */; };
		D541F5E6244A4B8F00E98EF1 /* GrumbleSheet.swift in Sources */ = {isa = PBXBuildFile; fileRef = D541F5E5244A4B8F00E98EF1 /* GrumbleSheet.swift */; };
		D541F5E9244A522200E98EF1 /* GhorblinSheet.swift in Sources */ = {isa = PBXBuildFile; fileRef = D541F5E8244A522200E98EF1 /* GhorblinSheet.swift */; };
		D541F5EB244CE73200E98EF1 /* GhorblinAnimations.swift in Sources */ = {isa = PBXBuildFile; fileRef = D541F5EA244CE73200E98EF1 /* GhorblinAnimations.swift */; };
		D541F5F0244FCE2F00E98EF1 /* GBurger.swift in Sources */ = {isa = PBXBuildFile; fileRef = D541F5EF244FCE2F00E98EF1 /* GBurger.swift */; };
		D541F5F2245013B400E98EF1 /* GTagShape.swift in Sources */ = {isa = PBXBuildFile; fileRef = D541F5F1245013B400E98EF1 /* GTagShape.swift */; };
		D55EEBA024271FBB0079922E /* SettingsView.swift in Sources */ = {isa = PBXBuildFile; fileRef = D55EEB9F24271FBB0079922E /* SettingsView.swift */; };
		D55EEBA2242839310079922E /* AddFood.swift in Sources */ = {isa = PBXBuildFile; fileRef = D55EEBA1242839310079922E /* AddFood.swift */; };
		D55EEBA4242867710079922E /* TabView.swift in Sources */ = {isa = PBXBuildFile; fileRef = D55EEBA3242867710079922E /* TabView.swift */; };
		D5636C4E242EEC3A00476DCB /* data.plist in Resources */ = {isa = PBXBuildFile; fileRef = D5636C4D242EEC3A00476DCB /* data.plist */; };
		D56BA4BB2450B1910065E3E4 /* GSalad.swift in Sources */ = {isa = PBXBuildFile; fileRef = D56BA4BA2450B1910065E3E4 /* GSalad.swift */; };
		D56BA4BD245132C50065E3E4 /* GSoup.swift in Sources */ = {isa = PBXBuildFile; fileRef = D56BA4BC245132C50065E3E4 /* GSoup.swift */; };
		D573A82824386DDC00DB6067 /* GField.swift in Sources */ = {isa = PBXBuildFile; fileRef = D573A82724386DDC00DB6067 /* GField.swift */; };
		D58C59A4242C07AC00137546 /* Teko-Regular.ttf in Resources */ = {isa = PBXBuildFile; fileRef = D58C599F242C07AC00137546 /* Teko-Regular.ttf */; };
		D58C59A5242C07AC00137546 /* Teko-Medium.ttf in Resources */ = {isa = PBXBuildFile; fileRef = D58C59A0242C07AC00137546 /* Teko-Medium.ttf */; };
		D58C59A6242C07AC00137546 /* Teko-Light.ttf in Resources */ = {isa = PBXBuildFile; fileRef = D58C59A1242C07AC00137546 /* Teko-Light.ttf */; };
		D58C59A7242C07AC00137546 /* Teko-Bold.ttf in Resources */ = {isa = PBXBuildFile; fileRef = D58C59A2242C07AC00137546 /* Teko-Bold.ttf */; };
		D58C59A8242C07AC00137546 /* Teko-SemiBold.ttf in Resources */ = {isa = PBXBuildFile; fileRef = D58C59A3242C07AC00137546 /* Teko-SemiBold.ttf */; };
		D5948798242D17E900D25BFD /* GoogleService-Info.plist in Resources */ = {isa = PBXBuildFile; fileRef = D5948797242D17E900D25BFD /* GoogleService-Info.plist */; };
		D5AA593A2425E996000BEC5C /* MainView.swift in Sources */ = {isa = PBXBuildFile; fileRef = D5AA59392425E996000BEC5C /* MainView.swift */; };
		D5AA593E2426C24F000BEC5C /* IOManager.swift in Sources */ = {isa = PBXBuildFile; fileRef = D5AA593D2426C24F000BEC5C /* IOManager.swift */; };
		D5AA594B24271366000BEC5C /* ListView.swift in Sources */ = {isa = PBXBuildFile; fileRef = D5AA594A24271366000BEC5C /* ListView.swift */; };
		D5AA594D24271391000BEC5C /* ContentView.swift in Sources */ = {isa = PBXBuildFile; fileRef = D5AA594C24271391000BEC5C /* ContentView.swift */; };
		D5AD27612425B06100462F1C /* Caveat-Regular.ttf in Resources */ = {isa = PBXBuildFile; fileRef = D5AD27572425B06100462F1C /* Caveat-Regular.ttf */; };
		D5AD27632425B06100462F1C /* Caveat-Bold.ttf in Resources */ = {isa = PBXBuildFile; fileRef = D5AD27592425B06100462F1C /* Caveat-Bold.ttf */; };
		D5AD27732425B0D400462F1C /* Ubuntu-Bold.ttf in Resources */ = {isa = PBXBuildFile; fileRef = D5AD27682425B07B00462F1C /* Ubuntu-Bold.ttf */; };
		D5AD27742425B0D400462F1C /* Ubuntu-BoldItalic.ttf in Resources */ = {isa = PBXBuildFile; fileRef = D5AD276E2425B07C00462F1C /* Ubuntu-BoldItalic.ttf */; };
		D5AD27752425B0D400462F1C /* Ubuntu-Italic.ttf in Resources */ = {isa = PBXBuildFile; fileRef = D5AD276F2425B07C00462F1C /* Ubuntu-Italic.ttf */; };
		D5AD27762425B0D400462F1C /* Ubuntu-Light.ttf in Resources */ = {isa = PBXBuildFile; fileRef = D5AD276C2425B07C00462F1C /* Ubuntu-Light.ttf */; };
		D5AD27772425B0D400462F1C /* Ubuntu-LightItalic.ttf in Resources */ = {isa = PBXBuildFile; fileRef = D5AD276D2425B07C00462F1C /* Ubuntu-LightItalic.ttf */; };
		D5AD27782425B0D400462F1C /* Ubuntu-Medium.ttf in Resources */ = {isa = PBXBuildFile; fileRef = D5AD27692425B07B00462F1C /* Ubuntu-Medium.ttf */; };
		D5AD27792425B0D400462F1C /* Ubuntu-MediumItalic.ttf in Resources */ = {isa = PBXBuildFile; fileRef = D5AD276A2425B07C00462F1C /* Ubuntu-MediumItalic.ttf */; };
		D5AD277A2425B0D400462F1C /* Ubuntu-Regular.ttf in Resources */ = {isa = PBXBuildFile; fileRef = D5AD276B2425B07C00462F1C /* Ubuntu-Regular.ttf */; };
		D5B94B17243E8FD3001E384A /* SearchTag.swift in Sources */ = {isa = PBXBuildFile; fileRef = D5B94B16243E8FD3001E384A /* SearchTag.swift */; };
		D5C4D0BA243FE8120033EFB0 /* GDate.swift in Sources */ = {isa = PBXBuildFile; fileRef = D5C4D0B9243FE8120033EFB0 /* GDate.swift */; };
		D5DFD71C24579EC100B78451 /* SecurityForm.swift in Sources */ = {isa = PBXBuildFile; fileRef = D5DFD71B24579EC100B78451 /* SecurityForm.swift */; };
		D5DFD71E2458F43600B78451 /* SignupSheet.swift in Sources */ = {isa = PBXBuildFile; fileRef = D5DFD71D2458F43600B78451 /* SignupSheet.swift */; };
		D5DFD721245A2BAF00B78451 /* Welcome.swift in Sources */ = {isa = PBXBuildFile; fileRef = D5DFD720245A2BAE00B78451 /* Welcome.swift */; };
		D5F0894E24253AC4000D375D /* AppDelegate.swift in Sources */ = {isa = PBXBuildFile; fileRef = D5F0894D24253AC4000D375D /* AppDelegate.swift */; };
		D5F0895024253AC4000D375D /* SceneDelegate.swift in Sources */ = {isa = PBXBuildFile; fileRef = D5F0894F24253AC4000D375D /* SceneDelegate.swift */; };
		D5F0895224253AC4000D375D /* LoginView.swift in Sources */ = {isa = PBXBuildFile; fileRef = D5F0895124253AC4000D375D /* LoginView.swift */; };
		D5F0895424253AC6000D375D /* Assets.xcassets in Resources */ = {isa = PBXBuildFile; fileRef = D5F0895324253AC6000D375D /* Assets.xcassets */; };
		D5F0895724253AC6000D375D /* Preview Assets.xcassets in Resources */ = {isa = PBXBuildFile; fileRef = D5F0895624253AC6000D375D /* Preview Assets.xcassets */; };
		D5F0895A24253AC6000D375D /* LaunchScreen.storyboard in Resources */ = {isa = PBXBuildFile; fileRef = D5F0895824253AC6000D375D /* LaunchScreen.storyboard */; };
		D5F0898A24257849000D375D /* Podfile in Resources */ = {isa = PBXBuildFile; fileRef = D5F0898924257849000D375D /* Podfile */; };
/* End PBXBuildFile section */

/* Begin PBXContainerItemProxy section */
		D524481D24310C9700903BE3 /* PBXContainerItemProxy */ = {
			isa = PBXContainerItemProxy;
			containerPortal = D5F0894224253AC4000D375D /* Project object */;
			proxyType = 1;
			remoteGlobalIDString = D5F0894924253AC4000D375D;
			remoteInfo = Grumble;
		};
		D524482B24310C9E00903BE3 /* PBXContainerItemProxy */ = {
			isa = PBXContainerItemProxy;
			containerPortal = D5F0894224253AC4000D375D /* Project object */;
			proxyType = 1;
			remoteGlobalIDString = D5F0894924253AC4000D375D;
			remoteInfo = Grumble;
		};
/* End PBXContainerItemProxy section */

/* Begin PBXFileReference section */
		1214F3538C175B0472B32C67 /* libPods-Grumble.a */ = {isa = PBXFileReference; explicitFileType = archive.ar; includeInIndex = 0; path = "libPods-Grumble.a"; sourceTree = BUILT_PRODUCTS_DIR; };
		55860C160751486799A6F633 /* Pods-Grumble.debug.xcconfig */ = {isa = PBXFileReference; includeInIndex = 1; lastKnownFileType = text.xcconfig; name = "Pods-Grumble.debug.xcconfig"; path = "Target Support Files/Pods-Grumble/Pods-Grumble.debug.xcconfig"; sourceTree = "<group>"; };
		847F996DF78FDA286818A6BD /* Pods-Grumble.release.xcconfig */ = {isa = PBXFileReference; includeInIndex = 1; lastKnownFileType = text.xcconfig; name = "Pods-Grumble.release.xcconfig"; path = "Target Support Files/Pods-Grumble/Pods-Grumble.release.xcconfig"; sourceTree = "<group>"; };
		D5014C212440F44700C5530B /* GrubItem.swift */ = {isa = PBXFileReference; lastKnownFileType = sourcecode.swift; path = GrubItem.swift; sourceTree = "<group>"; };
		D5014C232441431500C5530B /* GrubSheet.swift */ = {isa = PBXFileReference; lastKnownFileType = sourcecode.swift; path = GrubSheet.swift; sourceTree = "<group>"; };
		D502922E2437A9FE008A5BFC /* TabRouter.swift */ = {isa = PBXFileReference; lastKnownFileType = sourcecode.swift; path = TabRouter.swift; sourceTree = "<group>"; };
		D50292302437ACF5008A5BFC /* GFont.swift */ = {isa = PBXFileReference; lastKnownFileType = sourcecode.swift; path = GFont.swift; sourceTree = "<group>"; };
		D50292322437AE06008A5BFC /* ScreenDimension.swift */ = {isa = PBXFileReference; lastKnownFileType = sourcecode.swift; path = ScreenDimension.swift; sourceTree = "<group>"; };
		D50292342437AECF008A5BFC /* GColor.swift */ = {isa = PBXFileReference; lastKnownFileType = sourcecode.swift; path = GColor.swift; sourceTree = "<group>"; };
		D50292372437D6E1008A5BFC /* GAnimation.swift */ = {isa = PBXFileReference; lastKnownFileType = sourcecode.swift; path = GAnimation.swift; sourceTree = "<group>"; };
		D50292392437F7B3008A5BFC /* GForm.swift */ = {isa = PBXFileReference; lastKnownFileType = sourcecode.swift; path = GForm.swift; sourceTree = "<group>"; };
		D51509C124525B780005C0E3 /* GFood.swift */ = {isa = PBXFileReference; lastKnownFileType = sourcecode.swift; path = GFood.swift; sourceTree = "<group>"; };
		D51509C324539C970005C0E3 /* SearchList.swift */ = {isa = PBXFileReference; lastKnownFileType = sourcecode.swift; path = SearchList.swift; sourceTree = "<group>"; };
		D51FECC8243131FA00BF129C /* KeyboardObserver.swift */ = {isa = PBXFileReference; lastKnownFileType = sourcecode.swift; path = KeyboardObserver.swift; sourceTree = "<group>"; };
		D51FECCA24316DC600BF129C /* SheetView.swift */ = {isa = PBXFileReference; lastKnownFileType = sourcecode.swift; path = SheetView.swift; sourceTree = "<group>"; };
		D51FECD72434189300BF129C /* SlideView.swift */ = {isa = PBXFileReference; lastKnownFileType = sourcecode.swift; path = SlideView.swift; sourceTree = "<group>"; };
		D51FECDD24370B1500BF129C /* UserCookie.swift */ = {isa = PBXFileReference; lastKnownFileType = sourcecode.swift; path = UserCookie.swift; sourceTree = "<group>"; };
		D524481824310C9700903BE3 /* GrumbleTests.xctest */ = {isa = PBXFileReference; explicitFileType = wrapper.cfbundle; includeInIndex = 0; path = GrumbleTests.xctest; sourceTree = BUILT_PRODUCTS_DIR; };
		D524481A24310C9700903BE3 /* GrumbleTests.swift */ = {isa = PBXFileReference; lastKnownFileType = sourcecode.swift; path = GrumbleTests.swift; sourceTree = "<group>"; };
		D524481C24310C9700903BE3 /* Info.plist */ = {isa = PBXFileReference; lastKnownFileType = text.plist.xml; path = Info.plist; sourceTree = "<group>"; };
		D524482624310C9E00903BE3 /* GrumbleUITests.xctest */ = {isa = PBXFileReference; explicitFileType = wrapper.cfbundle; includeInIndex = 0; path = GrumbleUITests.xctest; sourceTree = BUILT_PRODUCTS_DIR; };
		D524482824310C9E00903BE3 /* GrumbleUITests.swift */ = {isa = PBXFileReference; lastKnownFileType = sourcecode.swift; path = GrumbleUITests.swift; sourceTree = "<group>"; };
		D524482A24310C9E00903BE3 /* Info.plist */ = {isa = PBXFileReference; lastKnownFileType = text.plist.xml; path = Info.plist; sourceTree = "<group>"; };
		D540148724393502008F8CCF /* FieldParser.swift */ = {isa = PBXFileReference; lastKnownFileType = sourcecode.swift; path = FieldParser.swift; sourceTree = "<group>"; };
		D541F5E5244A4B8F00E98EF1 /* GrumbleSheet.swift */ = {isa = PBXFileReference; lastKnownFileType = sourcecode.swift; path = GrumbleSheet.swift; sourceTree = "<group>"; };
		D541F5E8244A522200E98EF1 /* GhorblinSheet.swift */ = {isa = PBXFileReference; lastKnownFileType = sourcecode.swift; path = GhorblinSheet.swift; sourceTree = "<group>"; };
		D541F5EA244CE73200E98EF1 /* GhorblinAnimations.swift */ = {isa = PBXFileReference; lastKnownFileType = sourcecode.swift; path = GhorblinAnimations.swift; sourceTree = "<group>"; };
		D541F5EF244FCE2F00E98EF1 /* GBurger.swift */ = {isa = PBXFileReference; lastKnownFileType = sourcecode.swift; path = GBurger.swift; sourceTree = "<group>"; };
		D541F5F1245013B400E98EF1 /* GTagShape.swift */ = {isa = PBXFileReference; lastKnownFileType = sourcecode.swift; path = GTagShape.swift; sourceTree = "<group>"; };
		D55EEB9F24271FBB0079922E /* SettingsView.swift */ = {isa = PBXFileReference; lastKnownFileType = sourcecode.swift; path = SettingsView.swift; sourceTree = "<group>"; };
		D55EEBA1242839310079922E /* AddFood.swift */ = {isa = PBXFileReference; lastKnownFileType = sourcecode.swift; path = AddFood.swift; sourceTree = "<group>"; };
		D55EEBA3242867710079922E /* TabView.swift */ = {isa = PBXFileReference; lastKnownFileType = sourcecode.swift; path = TabView.swift; sourceTree = "<group>"; };
		D5636C4D242EEC3A00476DCB /* data.plist */ = {isa = PBXFileReference; lastKnownFileType = text.plist.xml; path = data.plist; sourceTree = "<group>"; };
		D56BA4BA2450B1910065E3E4 /* GSalad.swift */ = {isa = PBXFileReference; lastKnownFileType = sourcecode.swift; path = GSalad.swift; sourceTree = "<group>"; };
		D56BA4BC245132C50065E3E4 /* GSoup.swift */ = {isa = PBXFileReference; lastKnownFileType = sourcecode.swift; path = GSoup.swift; sourceTree = "<group>"; };
		D573A82724386DDC00DB6067 /* GField.swift */ = {isa = PBXFileReference; lastKnownFileType = sourcecode.swift; path = GField.swift; sourceTree = "<group>"; };
		D58C599F242C07AC00137546 /* Teko-Regular.ttf */ = {isa = PBXFileReference; lastKnownFileType = file; path = "Teko-Regular.ttf"; sourceTree = "<group>"; };
		D58C59A0242C07AC00137546 /* Teko-Medium.ttf */ = {isa = PBXFileReference; lastKnownFileType = file; path = "Teko-Medium.ttf"; sourceTree = "<group>"; };
		D58C59A1242C07AC00137546 /* Teko-Light.ttf */ = {isa = PBXFileReference; lastKnownFileType = file; path = "Teko-Light.ttf"; sourceTree = "<group>"; };
		D58C59A2242C07AC00137546 /* Teko-Bold.ttf */ = {isa = PBXFileReference; lastKnownFileType = file; path = "Teko-Bold.ttf"; sourceTree = "<group>"; };
		D58C59A3242C07AC00137546 /* Teko-SemiBold.ttf */ = {isa = PBXFileReference; lastKnownFileType = file; path = "Teko-SemiBold.ttf"; sourceTree = "<group>"; };
		D5948797242D17E900D25BFD /* GoogleService-Info.plist */ = {isa = PBXFileReference; fileEncoding = 4; lastKnownFileType = text.plist.xml; path = "GoogleService-Info.plist"; sourceTree = "<group>"; };
		D5AA59392425E996000BEC5C /* MainView.swift */ = {isa = PBXFileReference; lastKnownFileType = sourcecode.swift; path = MainView.swift; sourceTree = "<group>"; };
		D5AA593D2426C24F000BEC5C /* IOManager.swift */ = {isa = PBXFileReference; lastKnownFileType = sourcecode.swift; path = IOManager.swift; sourceTree = "<group>"; };
		D5AA594A24271366000BEC5C /* ListView.swift */ = {isa = PBXFileReference; lastKnownFileType = sourcecode.swift; path = ListView.swift; sourceTree = "<group>"; };
		D5AA594C24271391000BEC5C /* ContentView.swift */ = {isa = PBXFileReference; lastKnownFileType = sourcecode.swift; path = ContentView.swift; sourceTree = "<group>"; };
		D5AD27572425B06100462F1C /* Caveat-Regular.ttf */ = {isa = PBXFileReference; lastKnownFileType = file; path = "Caveat-Regular.ttf"; sourceTree = "<group>"; };
		D5AD27592425B06100462F1C /* Caveat-Bold.ttf */ = {isa = PBXFileReference; lastKnownFileType = file; path = "Caveat-Bold.ttf"; sourceTree = "<group>"; };
		D5AD27682425B07B00462F1C /* Ubuntu-Bold.ttf */ = {isa = PBXFileReference; lastKnownFileType = file; path = "Ubuntu-Bold.ttf"; sourceTree = "<group>"; };
		D5AD27692425B07B00462F1C /* Ubuntu-Medium.ttf */ = {isa = PBXFileReference; lastKnownFileType = file; path = "Ubuntu-Medium.ttf"; sourceTree = "<group>"; };
		D5AD276A2425B07C00462F1C /* Ubuntu-MediumItalic.ttf */ = {isa = PBXFileReference; lastKnownFileType = file; path = "Ubuntu-MediumItalic.ttf"; sourceTree = "<group>"; };
		D5AD276B2425B07C00462F1C /* Ubuntu-Regular.ttf */ = {isa = PBXFileReference; lastKnownFileType = file; path = "Ubuntu-Regular.ttf"; sourceTree = "<group>"; };
		D5AD276C2425B07C00462F1C /* Ubuntu-Light.ttf */ = {isa = PBXFileReference; lastKnownFileType = file; path = "Ubuntu-Light.ttf"; sourceTree = "<group>"; };
		D5AD276D2425B07C00462F1C /* Ubuntu-LightItalic.ttf */ = {isa = PBXFileReference; lastKnownFileType = file; path = "Ubuntu-LightItalic.ttf"; sourceTree = "<group>"; };
		D5AD276E2425B07C00462F1C /* Ubuntu-BoldItalic.ttf */ = {isa = PBXFileReference; lastKnownFileType = file; path = "Ubuntu-BoldItalic.ttf"; sourceTree = "<group>"; };
		D5AD276F2425B07C00462F1C /* Ubuntu-Italic.ttf */ = {isa = PBXFileReference; lastKnownFileType = file; path = "Ubuntu-Italic.ttf"; sourceTree = "<group>"; };
		D5B94B16243E8FD3001E384A /* SearchTag.swift */ = {isa = PBXFileReference; lastKnownFileType = sourcecode.swift; path = SearchTag.swift; sourceTree = "<group>"; };
		D5C4D0B9243FE8120033EFB0 /* GDate.swift */ = {isa = PBXFileReference; lastKnownFileType = sourcecode.swift; path = GDate.swift; sourceTree = "<group>"; };
		D5DFD71B24579EC100B78451 /* SecurityForm.swift */ = {isa = PBXFileReference; lastKnownFileType = sourcecode.swift; path = SecurityForm.swift; sourceTree = "<group>"; };
		D5DFD71D2458F43600B78451 /* SignupSheet.swift */ = {isa = PBXFileReference; lastKnownFileType = sourcecode.swift; path = SignupSheet.swift; sourceTree = "<group>"; };
		D5DFD720245A2BAE00B78451 /* Welcome.swift */ = {isa = PBXFileReference; lastKnownFileType = sourcecode.swift; path = Welcome.swift; sourceTree = "<group>"; };
		D5F0894A24253AC4000D375D /* Grumble.app */ = {isa = PBXFileReference; explicitFileType = wrapper.application; includeInIndex = 0; path = Grumble.app; sourceTree = BUILT_PRODUCTS_DIR; };
		D5F0894D24253AC4000D375D /* AppDelegate.swift */ = {isa = PBXFileReference; lastKnownFileType = sourcecode.swift; path = AppDelegate.swift; sourceTree = "<group>"; };
		D5F0894F24253AC4000D375D /* SceneDelegate.swift */ = {isa = PBXFileReference; lastKnownFileType = sourcecode.swift; path = SceneDelegate.swift; sourceTree = "<group>"; };
		D5F0895124253AC4000D375D /* LoginView.swift */ = {isa = PBXFileReference; lastKnownFileType = sourcecode.swift; path = LoginView.swift; sourceTree = "<group>"; };
		D5F0895324253AC6000D375D /* Assets.xcassets */ = {isa = PBXFileReference; lastKnownFileType = folder.assetcatalog; path = Assets.xcassets; sourceTree = "<group>"; };
		D5F0895624253AC6000D375D /* Preview Assets.xcassets */ = {isa = PBXFileReference; lastKnownFileType = folder.assetcatalog; path = "Preview Assets.xcassets"; sourceTree = "<group>"; };
		D5F0895924253AC6000D375D /* Base */ = {isa = PBXFileReference; lastKnownFileType = file.storyboard; name = Base; path = Base.lproj/LaunchScreen.storyboard; sourceTree = "<group>"; };
		D5F0895B24253AC6000D375D /* Info.plist */ = {isa = PBXFileReference; lastKnownFileType = text.plist.xml; path = Info.plist; sourceTree = "<group>"; };
		D5F0896424253AC6000D375D /* GrumbleTests.swift */ = {isa = PBXFileReference; lastKnownFileType = sourcecode.swift; path = GrumbleTests.swift; sourceTree = "<group>"; };
		D5F0896624253AC6000D375D /* Info.plist */ = {isa = PBXFileReference; lastKnownFileType = text.plist.xml; path = Info.plist; sourceTree = "<group>"; };
		D5F0896F24253AC6000D375D /* GrumbleUITests.swift */ = {isa = PBXFileReference; lastKnownFileType = sourcecode.swift; path = GrumbleUITests.swift; sourceTree = "<group>"; };
		D5F0897124253AC6000D375D /* Info.plist */ = {isa = PBXFileReference; lastKnownFileType = text.plist.xml; path = Info.plist; sourceTree = "<group>"; };
		D5F0898924257849000D375D /* Podfile */ = {isa = PBXFileReference; lastKnownFileType = text; path = Podfile; sourceTree = "<group>"; xcLanguageSpecificationIdentifier = xcode.lang.ruby; };
/* End PBXFileReference section */

/* Begin PBXFrameworksBuildPhase section */
		D524481524310C9700903BE3 /* Frameworks */ = {
			isa = PBXFrameworksBuildPhase;
			buildActionMask = 2147483647;
			files = (
			);
			runOnlyForDeploymentPostprocessing = 0;
		};
		D524482324310C9E00903BE3 /* Frameworks */ = {
			isa = PBXFrameworksBuildPhase;
			buildActionMask = 2147483647;
			files = (
			);
			runOnlyForDeploymentPostprocessing = 0;
		};
		D5F0894724253AC4000D375D /* Frameworks */ = {
			isa = PBXFrameworksBuildPhase;
			buildActionMask = 2147483647;
			files = (
				550272B9BC3A3C81F2E41812 /* libPods-Grumble.a in Frameworks */,
			);
			runOnlyForDeploymentPostprocessing = 0;
		};
/* End PBXFrameworksBuildPhase section */

/* Begin PBXGroup section */
		23A45FBDC84284007BA810EB /* Frameworks */ = {
			isa = PBXGroup;
			children = (
				1214F3538C175B0472B32C67 /* libPods-Grumble.a */,
			);
			name = Frameworks;
			sourceTree = "<group>";
		};
		D50292362437D69F008A5BFC /* Observable Instances */ = {
			isa = PBXGroup;
			children = (
				D51FECDD24370B1500BF129C /* UserCookie.swift */,
				D502922E2437A9FE008A5BFC /* TabRouter.swift */,
				D50292392437F7B3008A5BFC /* GForm.swift */,
				D51FECC8243131FA00BF129C /* KeyboardObserver.swift */,
				D541F5EA244CE73200E98EF1 /* GhorblinAnimations.swift */,
			);
			path = "Observable Instances";
			sourceTree = "<group>";
		};
		D502923D2438159E008A5BFC /* Structures */ = {
			isa = PBXGroup;
			children = (
				D51FECCA24316DC600BF129C /* SheetView.swift */,
				D51FECD72434189300BF129C /* SlideView.swift */,
				D573A82724386DDC00DB6067 /* GField.swift */,
			);
			name = Structures;
			sourceTree = "<group>";
		};
		D51FECCC24316FAC00BF129C /* Login */ = {
			isa = PBXGroup;
			children = (
				D5F0895124253AC4000D375D /* LoginView.swift */,
				D5DFD71D2458F43600B78451 /* SignupSheet.swift */,
			);
			name = Login;
			sourceTree = "<group>";
		};
		D51FECCD24316FC600BF129C /* Content */ = {
			isa = PBXGroup;
			children = (
				D5AA594C24271391000BEC5C /* ContentView.swift */,
				D51FECCE24316FE900BF129C /* List */,
				D5DFD71A24579E6E00B78451 /* Settings */,
			);
			name = Content;
			sourceTree = "<group>";
		};
		D51FECCE24316FE900BF129C /* List */ = {
			isa = PBXGroup;
			children = (
				D5AA594A24271366000BEC5C /* ListView.swift */,
				D51509C324539C970005C0E3 /* SearchList.swift */,
				D5014C212440F44700C5530B /* GrubItem.swift */,
				D5014C232441431500C5530B /* GrubSheet.swift */,
				D541F5E5244A4B8F00E98EF1 /* GrumbleSheet.swift */,
				D55EEBA1242839310079922E /* AddFood.swift */,
				D5B94B16243E8FD3001E384A /* SearchTag.swift */,
			);
			name = List;
			sourceTree = "<group>";
		};
		D51FECDC24370B0500BF129C /* Accessible */ = {
			isa = PBXGroup;
			children = (
				D50292322437AE06008A5BFC /* ScreenDimension.swift */,
				D50292302437ACF5008A5BFC /* GFont.swift */,
				D50292342437AECF008A5BFC /* GColor.swift */,
				D50292372437D6E1008A5BFC /* GAnimation.swift */,
				D540148724393502008F8CCF /* FieldParser.swift */,
				D5C4D0B9243FE8120033EFB0 /* GDate.swift */,
				D5AA593D2426C24F000BEC5C /* IOManager.swift */,
				D50292362437D69F008A5BFC /* Observable Instances */,
				D541F5E7244A4BDC00E98EF1 /* GShapes */,
			);
			path = Accessible;
			sourceTree = "<group>";
		};
		D524481924310C9700903BE3 /* GrumbleTests */ = {
			isa = PBXGroup;
			children = (
				D524481A24310C9700903BE3 /* GrumbleTests.swift */,
				D524481C24310C9700903BE3 /* Info.plist */,
			);
			path = GrumbleTests;
			sourceTree = "<group>";
		};
		D524482724310C9E00903BE3 /* GrumbleUITests */ = {
			isa = PBXGroup;
			children = (
				D524482824310C9E00903BE3 /* GrumbleUITests.swift */,
				D524482A24310C9E00903BE3 /* Info.plist */,
			);
			path = GrumbleUITests;
			sourceTree = "<group>";
		};
		D541F5E7244A4BDC00E98EF1 /* GShapes */ = {
			isa = PBXGroup;
			children = (
				D541F5EC244F519200E98EF1 /* TagShapeViews */,
				D541F5E8244A522200E98EF1 /* GhorblinSheet.swift */,
			);
			path = GShapes;
			sourceTree = "<group>";
		};
		D541F5EC244F519200E98EF1 /* TagShapeViews */ = {
			isa = PBXGroup;
			children = (
				D541F5F1245013B400E98EF1 /* GTagShape.swift */,
				D541F5EF244FCE2F00E98EF1 /* GBurger.swift */,
				D56BA4BA2450B1910065E3E4 /* GSalad.swift */,
				D56BA4BC245132C50065E3E4 /* GSoup.swift */,
				D51509C124525B780005C0E3 /* GFood.swift */,
			);
			path = TagShapeViews;
			sourceTree = "<group>";
		};
		D58C599E242C079200137546 /* Teko */ = {
			isa = PBXGroup;
			children = (
				D58C59A2242C07AC00137546 /* Teko-Bold.ttf */,
				D58C59A1242C07AC00137546 /* Teko-Light.ttf */,
				D58C59A0242C07AC00137546 /* Teko-Medium.ttf */,
				D58C599F242C07AC00137546 /* Teko-Regular.ttf */,
				D58C59A3242C07AC00137546 /* Teko-SemiBold.ttf */,
			);
			path = Teko;
			sourceTree = "<group>";
		};
		D5AA593F2426C3BA000BEC5C /* Resources */ = {
			isa = PBXGroup;
			children = (
				D5AD27672425B07000462F1C /* Fonts */,
				D5636C4D242EEC3A00476DCB /* data.plist */,
			);
			path = Resources;
			sourceTree = "<group>";
		};
		D5AA59422426C44D000BEC5C /* Delegates */ = {
			isa = PBXGroup;
			children = (
				D5F0894D24253AC4000D375D /* AppDelegate.swift */,
				D5F0894F24253AC4000D375D /* SceneDelegate.swift */,
			);
			name = Delegates;
			sourceTree = "<group>";
		};
		D5AA59432426C457000BEC5C /* Views */ = {
			isa = PBXGroup;
			children = (
				D5F0895824253AC6000D375D /* LaunchScreen.storyboard */,
				D5AA59392425E996000BEC5C /* MainView.swift */,
				D51FECCC24316FAC00BF129C /* Login */,
				D5DFD71F245A2B9300B78451 /* Welcome */,
				D51FECCD24316FC600BF129C /* Content */,
				D55EEBA3242867710079922E /* TabView.swift */,
				D502923D2438159E008A5BFC /* Structures */,
			);
			name = Views;
			sourceTree = "<group>";
		};
		D5AD27672425B07000462F1C /* Fonts */ = {
			isa = PBXGroup;
			children = (
				D58C599E242C079200137546 /* Teko */,
				D5AD27712425B0C500462F1C /* Caveat */,
				D5AD27722425B0CC00462F1C /* Ubuntu */,
			);
			path = Fonts;
			sourceTree = "<group>";
		};
		D5AD27712425B0C500462F1C /* Caveat */ = {
			isa = PBXGroup;
			children = (
				D5AD27572425B06100462F1C /* Caveat-Regular.ttf */,
				D5AD27592425B06100462F1C /* Caveat-Bold.ttf */,
			);
			path = Caveat;
			sourceTree = "<group>";
		};
		D5AD27722425B0CC00462F1C /* Ubuntu */ = {
			isa = PBXGroup;
			children = (
				D5AD276B2425B07C00462F1C /* Ubuntu-Regular.ttf */,
				D5AD27682425B07B00462F1C /* Ubuntu-Bold.ttf */,
				D5AD276E2425B07C00462F1C /* Ubuntu-BoldItalic.ttf */,
				D5AD276F2425B07C00462F1C /* Ubuntu-Italic.ttf */,
				D5AD276C2425B07C00462F1C /* Ubuntu-Light.ttf */,
				D5AD276D2425B07C00462F1C /* Ubuntu-LightItalic.ttf */,
				D5AD27692425B07B00462F1C /* Ubuntu-Medium.ttf */,
				D5AD276A2425B07C00462F1C /* Ubuntu-MediumItalic.ttf */,
			);
			path = Ubuntu;
			sourceTree = "<group>";
		};
		D5DFD71A24579E6E00B78451 /* Settings */ = {
			isa = PBXGroup;
			children = (
				D55EEB9F24271FBB0079922E /* SettingsView.swift */,
				D5DFD71B24579EC100B78451 /* SecurityForm.swift */,
			);
			name = Settings;
			sourceTree = "<group>";
		};
		D5DFD71F245A2B9300B78451 /* Welcome */ = {
			isa = PBXGroup;
			children = (
				D5DFD720245A2BAE00B78451 /* Welcome.swift */,
			);
			name = Welcome;
			sourceTree = "<group>";
		};
		D5F0894124253AC4000D375D = {
			isa = PBXGroup;
			children = (
				D5F0898924257849000D375D /* Podfile */,
				D5F0894C24253AC4000D375D /* Grumble */,
				D5F0896324253AC6000D375D /* GrumbleTests */,
				D5F0896E24253AC6000D375D /* GrumbleUITests */,
				D524481924310C9700903BE3 /* GrumbleTests */,
				D524482724310C9E00903BE3 /* GrumbleUITests */,
				D5F0894B24253AC4000D375D /* Products */,
				F9A4E1E97E7865952106D24C /* Pods */,
				23A45FBDC84284007BA810EB /* Frameworks */,
			);
			sourceTree = "<group>";
		};
		D5F0894B24253AC4000D375D /* Products */ = {
			isa = PBXGroup;
			children = (
				D5F0894A24253AC4000D375D /* Grumble.app */,
				D524481824310C9700903BE3 /* GrumbleTests.xctest */,
				D524482624310C9E00903BE3 /* GrumbleUITests.xctest */,
			);
			name = Products;
			sourceTree = "<group>";
		};
		D5F0894C24253AC4000D375D /* Grumble */ = {
			isa = PBXGroup;
			children = (
				D51FECDC24370B0500BF129C /* Accessible */,
				D5AA59422426C44D000BEC5C /* Delegates */,
				D5AA59432426C457000BEC5C /* Views */,
				D5AA593F2426C3BA000BEC5C /* Resources */,
				D5F0895324253AC6000D375D /* Assets.xcassets */,
				D5F0895B24253AC6000D375D /* Info.plist */,
				D5948797242D17E900D25BFD /* GoogleService-Info.plist */,
				D5F0895524253AC6000D375D /* Preview Content */,
			);
			path = Grumble;
			sourceTree = "<group>";
		};
		D5F0895524253AC6000D375D /* Preview Content */ = {
			isa = PBXGroup;
			children = (
				D5F0895624253AC6000D375D /* Preview Assets.xcassets */,
			);
			path = "Preview Content";
			sourceTree = "<group>";
		};
		D5F0896324253AC6000D375D /* GrumbleTests */ = {
			isa = PBXGroup;
			children = (
				D5F0896424253AC6000D375D /* GrumbleTests.swift */,
				D5F0896624253AC6000D375D /* Info.plist */,
			);
			path = GrumbleTests;
			sourceTree = "<group>";
		};
		D5F0896E24253AC6000D375D /* GrumbleUITests */ = {
			isa = PBXGroup;
			children = (
				D5F0896F24253AC6000D375D /* GrumbleUITests.swift */,
				D5F0897124253AC6000D375D /* Info.plist */,
			);
			path = GrumbleUITests;
			sourceTree = "<group>";
		};
		F9A4E1E97E7865952106D24C /* Pods */ = {
			isa = PBXGroup;
			children = (
				55860C160751486799A6F633 /* Pods-Grumble.debug.xcconfig */,
				847F996DF78FDA286818A6BD /* Pods-Grumble.release.xcconfig */,
			);
			path = Pods;
			sourceTree = "<group>";
		};
/* End PBXGroup section */

/* Begin PBXNativeTarget section */
		D524481724310C9700903BE3 /* GrumbleTests */ = {
			isa = PBXNativeTarget;
			buildConfigurationList = D524481F24310C9700903BE3 /* Build configuration list for PBXNativeTarget "GrumbleTests" */;
			buildPhases = (
				D524481424310C9700903BE3 /* Sources */,
				D524481524310C9700903BE3 /* Frameworks */,
				D524481624310C9700903BE3 /* Resources */,
			);
			buildRules = (
			);
			dependencies = (
				D524481E24310C9700903BE3 /* PBXTargetDependency */,
			);
			name = GrumbleTests;
			productName = GrumbleTests;
			productReference = D524481824310C9700903BE3 /* GrumbleTests.xctest */;
			productType = "com.apple.product-type.bundle.unit-test";
		};
		D524482524310C9E00903BE3 /* GrumbleUITests */ = {
			isa = PBXNativeTarget;
			buildConfigurationList = D524482D24310C9E00903BE3 /* Build configuration list for PBXNativeTarget "GrumbleUITests" */;
			buildPhases = (
				D524482224310C9E00903BE3 /* Sources */,
				D524482324310C9E00903BE3 /* Frameworks */,
				D524482424310C9E00903BE3 /* Resources */,
			);
			buildRules = (
			);
			dependencies = (
				D524482C24310C9E00903BE3 /* PBXTargetDependency */,
			);
			name = GrumbleUITests;
			productName = GrumbleUITests;
			productReference = D524482624310C9E00903BE3 /* GrumbleUITests.xctest */;
			productType = "com.apple.product-type.bundle.ui-testing";
		};
		D5F0894924253AC4000D375D /* Grumble */ = {
			isa = PBXNativeTarget;
			buildConfigurationList = D5F0897424253AC6000D375D /* Build configuration list for PBXNativeTarget "Grumble" */;
			buildPhases = (
				C17C0C5D397311DB0F09F8E3 /* [CP] Check Pods Manifest.lock */,
				D5F0894624253AC4000D375D /* Sources */,
				D5F0894724253AC4000D375D /* Frameworks */,
				D5F0894824253AC4000D375D /* Resources */,
				0BD276CDC25C119B9D61F87A /* [CP] Copy Pods Resources */,
			);
			buildRules = (
			);
			dependencies = (
			);
			name = Grumble;
			productName = Grumble;
			productReference = D5F0894A24253AC4000D375D /* Grumble.app */;
			productType = "com.apple.product-type.application";
		};
/* End PBXNativeTarget section */

/* Begin PBXProject section */
		D5F0894224253AC4000D375D /* Project object */ = {
			isa = PBXProject;
			attributes = {
				LastSwiftUpdateCheck = 1130;
				LastUpgradeCheck = 1130;
				ORGANIZATIONNAME = "Cylumn, Inc.";
				TargetAttributes = {
					D524481724310C9700903BE3 = {
						CreatedOnToolsVersion = 11.3.1;
						TestTargetID = D5F0894924253AC4000D375D;
					};
					D524482524310C9E00903BE3 = {
						CreatedOnToolsVersion = 11.3.1;
						TestTargetID = D5F0894924253AC4000D375D;
					};
					D5F0894924253AC4000D375D = {
						CreatedOnToolsVersion = 11.3.1;
					};
				};
			};
			buildConfigurationList = D5F0894524253AC4000D375D /* Build configuration list for PBXProject "Grumble" */;
			compatibilityVersion = "Xcode 9.3";
			developmentRegion = en;
			hasScannedForEncodings = 0;
			knownRegions = (
				en,
				Base,
			);
			mainGroup = D5F0894124253AC4000D375D;
			productRefGroup = D5F0894B24253AC4000D375D /* Products */;
			projectDirPath = "";
			projectRoot = "";
			targets = (
				D5F0894924253AC4000D375D /* Grumble */,
				D524481724310C9700903BE3 /* GrumbleTests */,
				D524482524310C9E00903BE3 /* GrumbleUITests */,
			);
		};
/* End PBXProject section */

/* Begin PBXResourcesBuildPhase section */
		D524481624310C9700903BE3 /* Resources */ = {
			isa = PBXResourcesBuildPhase;
			buildActionMask = 2147483647;
			files = (
			);
			runOnlyForDeploymentPostprocessing = 0;
		};
		D524482424310C9E00903BE3 /* Resources */ = {
			isa = PBXResourcesBuildPhase;
			buildActionMask = 2147483647;
			files = (
			);
			runOnlyForDeploymentPostprocessing = 0;
		};
		D5F0894824253AC4000D375D /* Resources */ = {
			isa = PBXResourcesBuildPhase;
			buildActionMask = 2147483647;
			files = (
				D5AD27792425B0D400462F1C /* Ubuntu-MediumItalic.ttf in Resources */,
				D58C59A7242C07AC00137546 /* Teko-Bold.ttf in Resources */,
				D5F0898A24257849000D375D /* Podfile in Resources */,
				D5AD27632425B06100462F1C /* Caveat-Bold.ttf in Resources */,
				D5AD277A2425B0D400462F1C /* Ubuntu-Regular.ttf in Resources */,
				D5AD27742425B0D400462F1C /* Ubuntu-BoldItalic.ttf in Resources */,
				D5AD27752425B0D400462F1C /* Ubuntu-Italic.ttf in Resources */,
				D58C59A8242C07AC00137546 /* Teko-SemiBold.ttf in Resources */,
				D58C59A5242C07AC00137546 /* Teko-Medium.ttf in Resources */,
				D5AD27772425B0D400462F1C /* Ubuntu-LightItalic.ttf in Resources */,
				D5AD27762425B0D400462F1C /* Ubuntu-Light.ttf in Resources */,
				D58C59A6242C07AC00137546 /* Teko-Light.ttf in Resources */,
				D5636C4E242EEC3A00476DCB /* data.plist in Resources */,
				D5F0895A24253AC6000D375D /* LaunchScreen.storyboard in Resources */,
				D5AD27732425B0D400462F1C /* Ubuntu-Bold.ttf in Resources */,
				D5AD27612425B06100462F1C /* Caveat-Regular.ttf in Resources */,
				D5F0895724253AC6000D375D /* Preview Assets.xcassets in Resources */,
				D5AD27782425B0D400462F1C /* Ubuntu-Medium.ttf in Resources */,
				D58C59A4242C07AC00137546 /* Teko-Regular.ttf in Resources */,
				D5F0895424253AC6000D375D /* Assets.xcassets in Resources */,
				D5948798242D17E900D25BFD /* GoogleService-Info.plist in Resources */,
			);
			runOnlyForDeploymentPostprocessing = 0;
		};
/* End PBXResourcesBuildPhase section */

/* Begin PBXShellScriptBuildPhase section */
		0BD276CDC25C119B9D61F87A /* [CP] Copy Pods Resources */ = {
			isa = PBXShellScriptBuildPhase;
			buildActionMask = 2147483647;
			files = (
			);
			inputFileListPaths = (
				"${PODS_ROOT}/Target Support Files/Pods-Grumble/Pods-Grumble-resources-${CONFIGURATION}-input-files.xcfilelist",
			);
			name = "[CP] Copy Pods Resources";
			outputFileListPaths = (
				"${PODS_ROOT}/Target Support Files/Pods-Grumble/Pods-Grumble-resources-${CONFIGURATION}-output-files.xcfilelist",
			);
			runOnlyForDeploymentPostprocessing = 0;
			shellPath = /bin/sh;
			shellScript = "\"${PODS_ROOT}/Target Support Files/Pods-Grumble/Pods-Grumble-resources.sh\"\n";
			showEnvVarsInLog = 0;
		};
		C17C0C5D397311DB0F09F8E3 /* [CP] Check Pods Manifest.lock */ = {
			isa = PBXShellScriptBuildPhase;
			buildActionMask = 2147483647;
			files = (
			);
			inputFileListPaths = (
			);
			inputPaths = (
				"${PODS_PODFILE_DIR_PATH}/Podfile.lock",
				"${PODS_ROOT}/Manifest.lock",
			);
			name = "[CP] Check Pods Manifest.lock";
			outputFileListPaths = (
			);
			outputPaths = (
				"$(DERIVED_FILE_DIR)/Pods-Grumble-checkManifestLockResult.txt",
			);
			runOnlyForDeploymentPostprocessing = 0;
			shellPath = /bin/sh;
			shellScript = "diff \"${PODS_PODFILE_DIR_PATH}/Podfile.lock\" \"${PODS_ROOT}/Manifest.lock\" > /dev/null\nif [ $? != 0 ] ; then\n    # print error to STDERR\n    echo \"error: The sandbox is not in sync with the Podfile.lock. Run 'pod install' or update your CocoaPods installation.\" >&2\n    exit 1\nfi\n# This output is used by Xcode 'outputs' to avoid re-running this script phase.\necho \"SUCCESS\" > \"${SCRIPT_OUTPUT_FILE_0}\"\n";
			showEnvVarsInLog = 0;
		};
/* End PBXShellScriptBuildPhase section */

/* Begin PBXSourcesBuildPhase section */
		D524481424310C9700903BE3 /* Sources */ = {
			isa = PBXSourcesBuildPhase;
			buildActionMask = 2147483647;
			files = (
				D524481B24310C9700903BE3 /* GrumbleTests.swift in Sources */,
			);
			runOnlyForDeploymentPostprocessing = 0;
		};
		D524482224310C9E00903BE3 /* Sources */ = {
			isa = PBXSourcesBuildPhase;
			buildActionMask = 2147483647;
			files = (
				D524482924310C9E00903BE3 /* GrumbleUITests.swift in Sources */,
			);
			runOnlyForDeploymentPostprocessing = 0;
		};
		D5F0894624253AC4000D375D /* Sources */ = {
			isa = PBXSourcesBuildPhase;
			buildActionMask = 2147483647;
			files = (
				D5014C222440F44700C5530B /* GrubItem.swift in Sources */,
				D5F0894E24253AC4000D375D /* AppDelegate.swift in Sources */,
				D55EEBA4242867710079922E /* TabView.swift in Sources */,
				D50292382437D6E1008A5BFC /* GAnimation.swift in Sources */,
				D5AA594B24271366000BEC5C /* ListView.swift in Sources */,
				D502922F2437A9FE008A5BFC /* TabRouter.swift in Sources */,
				D541F5F2245013B400E98EF1 /* GTagShape.swift in Sources */,
				D5DFD71E2458F43600B78451 /* SignupSheet.swift in Sources */,
				D541F5F0244FCE2F00E98EF1 /* GBurger.swift in Sources */,
				D56BA4BD245132C50065E3E4 /* GSoup.swift in Sources */,
				D5F0895024253AC4000D375D /* SceneDelegate.swift in Sources */,
				D50292352437AECF008A5BFC /* GColor.swift in Sources */,
				D51509C224525B780005C0E3 /* GFood.swift in Sources */,
				D502923A2437F7B3008A5BFC /* GForm.swift in Sources */,
				D5DFD721245A2BAF00B78451 /* Welcome.swift in Sources */,
				D5AA593E2426C24F000BEC5C /* IOManager.swift in Sources */,
				D5014C242441431500C5530B /* GrubSheet.swift in Sources */,
				D50292332437AE06008A5BFC /* ScreenDimension.swift in Sources */,
				D5AA594D24271391000BEC5C /* ContentView.swift in Sources */,
				D5DFD71C24579EC100B78451 /* SecurityForm.swift in Sources */,
				D573A82824386DDC00DB6067 /* GField.swift in Sources */,
				D5AA593A2425E996000BEC5C /* MainView.swift in Sources */,
				D51FECC9243131FA00BF129C /* KeyboardObserver.swift in Sources */,
				D51FECDE24370B1500BF129C /* UserCookie.swift in Sources */,
				D541F5E9244A522200E98EF1 /* GhorblinSheet.swift in Sources */,
				D541F5E6244A4B8F00E98EF1 /* GrumbleSheet.swift in Sources */,
				D5F0895224253AC4000D375D /* LoginView.swift in Sources */,
				D5B94B17243E8FD3001E384A /* SearchTag.swift in Sources */,
				D51FECD82434189300BF129C /* SlideView.swift in Sources */,
				D55EEBA2242839310079922E /* AddFood.swift in Sources */,
				D50292312437ACF5008A5BFC /* GFont.swift in Sources */,
				D540148824393502008F8CCF /* FieldParser.swift in Sources */,
				D56BA4BB2450B1910065E3E4 /* GSalad.swift in Sources */,
				D51509C424539C970005C0E3 /* SearchList.swift in Sources */,
				D51FECCB24316DC600BF129C /* SheetView.swift in Sources */,
				D541F5EB244CE73200E98EF1 /* GhorblinAnimations.swift in Sources */,
				D5C4D0BA243FE8120033EFB0 /* GDate.swift in Sources */,
				D55EEBA024271FBB0079922E /* SettingsView.swift in Sources */,
			);
			runOnlyForDeploymentPostprocessing = 0;
		};
/* End PBXSourcesBuildPhase section */

/* Begin PBXTargetDependency section */
		D524481E24310C9700903BE3 /* PBXTargetDependency */ = {
			isa = PBXTargetDependency;
			target = D5F0894924253AC4000D375D /* Grumble */;
			targetProxy = D524481D24310C9700903BE3 /* PBXContainerItemProxy */;
		};
		D524482C24310C9E00903BE3 /* PBXTargetDependency */ = {
			isa = PBXTargetDependency;
			target = D5F0894924253AC4000D375D /* Grumble */;
			targetProxy = D524482B24310C9E00903BE3 /* PBXContainerItemProxy */;
		};
/* End PBXTargetDependency section */

/* Begin PBXVariantGroup section */
		D5F0895824253AC6000D375D /* LaunchScreen.storyboard */ = {
			isa = PBXVariantGroup;
			children = (
				D5F0895924253AC6000D375D /* Base */,
			);
			name = LaunchScreen.storyboard;
			sourceTree = "<group>";
		};
/* End PBXVariantGroup section */

/* Begin XCBuildConfiguration section */
		D524482024310C9700903BE3 /* Debug */ = {
			isa = XCBuildConfiguration;
			buildSettings = {
				BUNDLE_LOADER = "$(TEST_HOST)";
				CODE_SIGN_STYLE = Automatic;
				DEVELOPMENT_TEAM = 7M276LB969;
				INFOPLIST_FILE = GrumbleTests/Info.plist;
				LD_RUNPATH_SEARCH_PATHS = (
					"$(inherited)",
					"@executable_path/Frameworks",
					"@loader_path/Frameworks",
				);
				PRODUCT_BUNDLE_IDENTIFIER = com.cylumn.GrumbleTests;
				PRODUCT_NAME = "$(TARGET_NAME)";
				SWIFT_VERSION = 5.0;
				TARGETED_DEVICE_FAMILY = "1,2";
				TEST_HOST = "$(BUILT_PRODUCTS_DIR)/Grumble.app/Grumble";
			};
			name = Debug;
		};
		D524482124310C9700903BE3 /* Release */ = {
			isa = XCBuildConfiguration;
			buildSettings = {
				BUNDLE_LOADER = "$(TEST_HOST)";
				CODE_SIGN_STYLE = Automatic;
				DEVELOPMENT_TEAM = 7M276LB969;
				INFOPLIST_FILE = GrumbleTests/Info.plist;
				LD_RUNPATH_SEARCH_PATHS = (
					"$(inherited)",
					"@executable_path/Frameworks",
					"@loader_path/Frameworks",
				);
				PRODUCT_BUNDLE_IDENTIFIER = com.cylumn.GrumbleTests;
				PRODUCT_NAME = "$(TARGET_NAME)";
				SWIFT_VERSION = 5.0;
				TARGETED_DEVICE_FAMILY = "1,2";
				TEST_HOST = "$(BUILT_PRODUCTS_DIR)/Grumble.app/Grumble";
			};
			name = Release;
		};
		D524482E24310C9E00903BE3 /* Debug */ = {
			isa = XCBuildConfiguration;
			buildSettings = {
				CODE_SIGN_STYLE = Automatic;
				DEVELOPMENT_TEAM = 7M276LB969;
				INFOPLIST_FILE = GrumbleUITests/Info.plist;
				LD_RUNPATH_SEARCH_PATHS = (
					"$(inherited)",
					"@executable_path/Frameworks",
					"@loader_path/Frameworks",
				);
				PRODUCT_BUNDLE_IDENTIFIER = com.cylumn.GrumbleUITests;
				PRODUCT_NAME = "$(TARGET_NAME)";
				SWIFT_VERSION = 5.0;
				TARGETED_DEVICE_FAMILY = "1,2";
				TEST_TARGET_NAME = Grumble;
			};
			name = Debug;
		};
		D524482F24310C9E00903BE3 /* Release */ = {
			isa = XCBuildConfiguration;
			buildSettings = {
				CODE_SIGN_STYLE = Automatic;
				DEVELOPMENT_TEAM = 7M276LB969;
				INFOPLIST_FILE = GrumbleUITests/Info.plist;
				LD_RUNPATH_SEARCH_PATHS = (
					"$(inherited)",
					"@executable_path/Frameworks",
					"@loader_path/Frameworks",
				);
				PRODUCT_BUNDLE_IDENTIFIER = com.cylumn.GrumbleUITests;
				PRODUCT_NAME = "$(TARGET_NAME)";
				SWIFT_VERSION = 5.0;
				TARGETED_DEVICE_FAMILY = "1,2";
				TEST_TARGET_NAME = Grumble;
			};
			name = Release;
		};
		D5F0897224253AC6000D375D /* Debug */ = {
			isa = XCBuildConfiguration;
			buildSettings = {
				ALWAYS_SEARCH_USER_PATHS = NO;
				CLANG_ANALYZER_NONNULL = YES;
				CLANG_ANALYZER_NUMBER_OBJECT_CONVERSION = YES_AGGRESSIVE;
				CLANG_CXX_LANGUAGE_STANDARD = "gnu++14";
				CLANG_CXX_LIBRARY = "libc++";
				CLANG_ENABLE_MODULES = YES;
				CLANG_ENABLE_OBJC_ARC = YES;
				CLANG_ENABLE_OBJC_WEAK = YES;
				CLANG_WARN_BLOCK_CAPTURE_AUTORELEASING = YES;
				CLANG_WARN_BOOL_CONVERSION = YES;
				CLANG_WARN_COMMA = YES;
				CLANG_WARN_CONSTANT_CONVERSION = YES;
				CLANG_WARN_DEPRECATED_OBJC_IMPLEMENTATIONS = YES;
				CLANG_WARN_DIRECT_OBJC_ISA_USAGE = YES_ERROR;
				CLANG_WARN_DOCUMENTATION_COMMENTS = YES;
				CLANG_WARN_EMPTY_BODY = YES;
				CLANG_WARN_ENUM_CONVERSION = YES;
				CLANG_WARN_INFINITE_RECURSION = YES;
				CLANG_WARN_INT_CONVERSION = YES;
				CLANG_WARN_NON_LITERAL_NULL_CONVERSION = YES;
				CLANG_WARN_OBJC_IMPLICIT_RETAIN_SELF = YES;
				CLANG_WARN_OBJC_LITERAL_CONVERSION = YES;
				CLANG_WARN_OBJC_ROOT_CLASS = YES_ERROR;
				CLANG_WARN_RANGE_LOOP_ANALYSIS = YES;
				CLANG_WARN_STRICT_PROTOTYPES = YES;
				CLANG_WARN_SUSPICIOUS_MOVE = YES;
				CLANG_WARN_UNGUARDED_AVAILABILITY = YES_AGGRESSIVE;
				CLANG_WARN_UNREACHABLE_CODE = YES;
				CLANG_WARN__DUPLICATE_METHOD_MATCH = YES;
				COPY_PHASE_STRIP = NO;
				DEBUG_INFORMATION_FORMAT = dwarf;
				ENABLE_STRICT_OBJC_MSGSEND = YES;
				ENABLE_TESTABILITY = YES;
				GCC_C_LANGUAGE_STANDARD = gnu11;
				GCC_DYNAMIC_NO_PIC = NO;
				GCC_NO_COMMON_BLOCKS = YES;
				GCC_OPTIMIZATION_LEVEL = 0;
				GCC_PREPROCESSOR_DEFINITIONS = (
					"DEBUG=1",
					"$(inherited)",
				);
				GCC_WARN_64_TO_32_BIT_CONVERSION = YES;
				GCC_WARN_ABOUT_RETURN_TYPE = YES_ERROR;
				GCC_WARN_UNDECLARED_SELECTOR = YES;
				GCC_WARN_UNINITIALIZED_AUTOS = YES_AGGRESSIVE;
				GCC_WARN_UNUSED_FUNCTION = YES;
				GCC_WARN_UNUSED_VARIABLE = YES;
				IPHONEOS_DEPLOYMENT_TARGET = 13.2;
				MTL_ENABLE_DEBUG_INFO = INCLUDE_SOURCE;
				MTL_FAST_MATH = YES;
				ONLY_ACTIVE_ARCH = YES;
				SDKROOT = iphoneos;
				SWIFT_ACTIVE_COMPILATION_CONDITIONS = DEBUG;
				SWIFT_OPTIMIZATION_LEVEL = "-Onone";
			};
			name = Debug;
		};
		D5F0897324253AC6000D375D /* Release */ = {
			isa = XCBuildConfiguration;
			buildSettings = {
				ALWAYS_SEARCH_USER_PATHS = NO;
				CLANG_ANALYZER_NONNULL = YES;
				CLANG_ANALYZER_NUMBER_OBJECT_CONVERSION = YES_AGGRESSIVE;
				CLANG_CXX_LANGUAGE_STANDARD = "gnu++14";
				CLANG_CXX_LIBRARY = "libc++";
				CLANG_ENABLE_MODULES = YES;
				CLANG_ENABLE_OBJC_ARC = YES;
				CLANG_ENABLE_OBJC_WEAK = YES;
				CLANG_WARN_BLOCK_CAPTURE_AUTORELEASING = YES;
				CLANG_WARN_BOOL_CONVERSION = YES;
				CLANG_WARN_COMMA = YES;
				CLANG_WARN_CONSTANT_CONVERSION = YES;
				CLANG_WARN_DEPRECATED_OBJC_IMPLEMENTATIONS = YES;
				CLANG_WARN_DIRECT_OBJC_ISA_USAGE = YES_ERROR;
				CLANG_WARN_DOCUMENTATION_COMMENTS = YES;
				CLANG_WARN_EMPTY_BODY = YES;
				CLANG_WARN_ENUM_CONVERSION = YES;
				CLANG_WARN_INFINITE_RECURSION = YES;
				CLANG_WARN_INT_CONVERSION = YES;
				CLANG_WARN_NON_LITERAL_NULL_CONVERSION = YES;
				CLANG_WARN_OBJC_IMPLICIT_RETAIN_SELF = YES;
				CLANG_WARN_OBJC_LITERAL_CONVERSION = YES;
				CLANG_WARN_OBJC_ROOT_CLASS = YES_ERROR;
				CLANG_WARN_RANGE_LOOP_ANALYSIS = YES;
				CLANG_WARN_STRICT_PROTOTYPES = YES;
				CLANG_WARN_SUSPICIOUS_MOVE = YES;
				CLANG_WARN_UNGUARDED_AVAILABILITY = YES_AGGRESSIVE;
				CLANG_WARN_UNREACHABLE_CODE = YES;
				CLANG_WARN__DUPLICATE_METHOD_MATCH = YES;
				COPY_PHASE_STRIP = NO;
				DEBUG_INFORMATION_FORMAT = "dwarf-with-dsym";
				ENABLE_NS_ASSERTIONS = NO;
				ENABLE_STRICT_OBJC_MSGSEND = YES;
				GCC_C_LANGUAGE_STANDARD = gnu11;
				GCC_NO_COMMON_BLOCKS = YES;
				GCC_WARN_64_TO_32_BIT_CONVERSION = YES;
				GCC_WARN_ABOUT_RETURN_TYPE = YES_ERROR;
				GCC_WARN_UNDECLARED_SELECTOR = YES;
				GCC_WARN_UNINITIALIZED_AUTOS = YES_AGGRESSIVE;
				GCC_WARN_UNUSED_FUNCTION = YES;
				GCC_WARN_UNUSED_VARIABLE = YES;
				IPHONEOS_DEPLOYMENT_TARGET = 13.2;
				MTL_ENABLE_DEBUG_INFO = NO;
				MTL_FAST_MATH = YES;
				SDKROOT = iphoneos;
				SWIFT_COMPILATION_MODE = wholemodule;
				SWIFT_OPTIMIZATION_LEVEL = "-O";
				VALIDATE_PRODUCT = YES;
			};
			name = Release;
		};
		D5F0897524253AC6000D375D /* Debug */ = {
			isa = XCBuildConfiguration;
			baseConfigurationReference = 55860C160751486799A6F633 /* Pods-Grumble.debug.xcconfig */;
			buildSettings = {
				ASSETCATALOG_COMPILER_APPICON_NAME = AppIcon;
				CODE_SIGN_STYLE = Automatic;
				DEVELOPMENT_ASSET_PATHS = "\"Grumble/Preview Content\"";
				DEVELOPMENT_TEAM = 7M276LB969;
				ENABLE_PREVIEWS = YES;
				INFOPLIST_FILE = Grumble/Info.plist;
				LD_RUNPATH_SEARCH_PATHS = (
					"$(inherited)",
					"@executable_path/Frameworks",
				);
				PRODUCT_BUNDLE_IDENTIFIER = com.cylumn.Grumble;
				PRODUCT_NAME = "$(TARGET_NAME)";
				SWIFT_VERSION = 5.0;
				TARGETED_DEVICE_FAMILY = 1;
			};
			name = Debug;
		};
		D5F0897624253AC6000D375D /* Release */ = {
			isa = XCBuildConfiguration;
			baseConfigurationReference = 847F996DF78FDA286818A6BD /* Pods-Grumble.release.xcconfig */;
			buildSettings = {
				ASSETCATALOG_COMPILER_APPICON_NAME = AppIcon;
				CODE_SIGN_STYLE = Automatic;
				DEVELOPMENT_ASSET_PATHS = "\"Grumble/Preview Content\"";
				DEVELOPMENT_TEAM = 7M276LB969;
				ENABLE_PREVIEWS = YES;
				INFOPLIST_FILE = Grumble/Info.plist;
				LD_RUNPATH_SEARCH_PATHS = (
					"$(inherited)",
					"@executable_path/Frameworks",
				);
				PRODUCT_BUNDLE_IDENTIFIER = com.cylumn.Grumble;
				PRODUCT_NAME = "$(TARGET_NAME)";
				SWIFT_VERSION = 5.0;
				TARGETED_DEVICE_FAMILY = 1;
			};
			name = Release;
		};
/* End XCBuildConfiguration section */

/* Begin XCConfigurationList section */
		D524481F24310C9700903BE3 /* Build configuration list for PBXNativeTarget "GrumbleTests" */ = {
			isa = XCConfigurationList;
			buildConfigurations = (
				D524482024310C9700903BE3 /* Debug */,
				D524482124310C9700903BE3 /* Release */,
			);
			defaultConfigurationIsVisible = 0;
			defaultConfigurationName = Release;
		};
		D524482D24310C9E00903BE3 /* Build configuration list for PBXNativeTarget "GrumbleUITests" */ = {
			isa = XCConfigurationList;
			buildConfigurations = (
				D524482E24310C9E00903BE3 /* Debug */,
				D524482F24310C9E00903BE3 /* Release */,
			);
			defaultConfigurationIsVisible = 0;
			defaultConfigurationName = Release;
		};
		D5F0894524253AC4000D375D /* Build configuration list for PBXProject "Grumble" */ = {
			isa = XCConfigurationList;
			buildConfigurations = (
				D5F0897224253AC6000D375D /* Debug */,
				D5F0897324253AC6000D375D /* Release */,
			);
			defaultConfigurationIsVisible = 0;
			defaultConfigurationName = Release;
		};
		D5F0897424253AC6000D375D /* Build configuration list for PBXNativeTarget "Grumble" */ = {
			isa = XCConfigurationList;
			buildConfigurations = (
				D5F0897524253AC6000D375D /* Debug */,
				D5F0897624253AC6000D375D /* Release */,
			);
			defaultConfigurationIsVisible = 0;
			defaultConfigurationName = Release;
		};
/* End XCConfigurationList section */
	};
	rootObject = D5F0894224253AC4000D375D /* Project object */;
}
