// !$*UTF8*$!
{
	archiveVersion = 1;
	classes = {
	};
	objectVersion = 50;
	objects = {

/* Begin PBXBuildFile section */
		D5F0894E24253AC4000D375D /* AppDelegate.swift in Sources */ = {isa = PBXBuildFile; fileRef = D5F0894D24253AC4000D375D /* AppDelegate.swift */; };
		D5F0895024253AC4000D375D /* SceneDelegate.swift in Sources */ = {isa = PBXBuildFile; fileRef = D5F0894F24253AC4000D375D /* SceneDelegate.swift */; };
		D5F0895224253AC4000D375D /* ContentView.swift in Sources */ = {isa = PBXBuildFile; fileRef = D5F0895124253AC4000D375D /* ContentView.swift */; };
		D5F0895424253AC6000D375D /* Assets.xcassets in Resources */ = {isa = PBXBuildFile; fileRef = D5F0895324253AC6000D375D /* Assets.xcassets */; };
		D5F0895724253AC6000D375D /* Preview Assets.xcassets in Resources */ = {isa = PBXBuildFile; fileRef = D5F0895624253AC6000D375D /* Preview Assets.xcassets */; };
		D5F0895A24253AC6000D375D /* LaunchScreen.storyboard in Resources */ = {isa = PBXBuildFile; fileRef = D5F0895824253AC6000D375D /* LaunchScreen.storyboard */; };
		D5F0896524253AC6000D375D /* GrumbleTests.swift in Sources */ = {isa = PBXBuildFile; fileRef = D5F0896424253AC6000D375D /* GrumbleTests.swift */; };
		D5F0897024253AC6000D375D /* GrumbleUITests.swift in Sources */ = {isa = PBXBuildFile; fileRef = D5F0896F24253AC6000D375D /* GrumbleUITests.swift */; };
/* End PBXBuildFile section */

/* Begin PBXContainerItemProxy section */
		D5F0896124253AC6000D375D /* PBXContainerItemProxy */ = {
			isa = PBXContainerItemProxy;
			containerPortal = D5F0894224253AC4000D375D /* Project object */;
			proxyType = 1;
			remoteGlobalIDString = D5F0894924253AC4000D375D;
			remoteInfo = Grumble;
		};
		D5F0896C24253AC6000D375D /* PBXContainerItemProxy */ = {
			isa = PBXContainerItemProxy;
			containerPortal = D5F0894224253AC4000D375D /* Project object */;
			proxyType = 1;
			remoteGlobalIDString = D5F0894924253AC4000D375D;
			remoteInfo = Grumble;
		};
/* End PBXContainerItemProxy section */

/* Begin PBXFileReference section */
		D5F0894A24253AC4000D375D /* Grumble.app */ = {isa = PBXFileReference; explicitFileType = wrapper.application; includeInIndex = 0; path = Grumble.app; sourceTree = BUILT_PRODUCTS_DIR; };
		D5F0894D24253AC4000D375D /* AppDelegate.swift */ = {isa = PBXFileReference; lastKnownFileType = sourcecode.swift; path = AppDelegate.swift; sourceTree = "<group>"; };
		D5F0894F24253AC4000D375D /* SceneDelegate.swift */ = {isa = PBXFileReference; lastKnownFileType = sourcecode.swift; path = SceneDelegate.swift; sourceTree = "<group>"; };
		D5F0895124253AC4000D375D /* ContentView.swift */ = {isa = PBXFileReference; lastKnownFileType = sourcecode.swift; path = ContentView.swift; sourceTree = "<group>"; };
		D5F0895324253AC6000D375D /* Assets.xcassets */ = {isa = PBXFileReference; lastKnownFileType = folder.assetcatalog; path = Assets.xcassets; sourceTree = "<group>"; };
		D5F0895624253AC6000D375D /* Preview Assets.xcassets */ = {isa = PBXFileReference; lastKnownFileType = folder.assetcatalog; path = "Preview Assets.xcassets"; sourceTree = "<group>"; };
		D5F0895924253AC6000D375D /* Base */ = {isa = PBXFileReference; lastKnownFileType = file.storyboard; name = Base; path = Base.lproj/LaunchScreen.storyboard; sourceTree = "<group>"; };
		D5F0895B24253AC6000D375D /* Info.plist */ = {isa = PBXFileReference; lastKnownFileType = text.plist.xml; path = Info.plist; sourceTree = "<group>"; };
		D5F0896024253AC6000D375D /* GrumbleTests.xctest */ = {isa = PBXFileReference; explicitFileType = wrapper.cfbundle; includeInIndex = 0; path = GrumbleTests.xctest; sourceTree = BUILT_PRODUCTS_DIR; };
		D5F0896424253AC6000D375D /* GrumbleTests.swift */ = {isa = PBXFileReference; lastKnownFileType = sourcecode.swift; path = GrumbleTests.swift; sourceTree = "<group>"; };
		D5F0896624253AC6000D375D /* Info.plist */ = {isa = PBXFileReference; lastKnownFileType = text.plist.xml; path = Info.plist; sourceTree = "<group>"; };
		D5F0896B24253AC6000D375D /* GrumbleUITests.xctest */ = {isa = PBXFileReference; explicitFileType = wrapper.cfbundle; includeInIndex = 0; path = GrumbleUITests.xctest; sourceTree = BUILT_PRODUCTS_DIR; };
		D5F0896F24253AC6000D375D /* GrumbleUITests.swift */ = {isa = PBXFileReference; lastKnownFileType = sourcecode.swift; path = GrumbleUITests.swift; sourceTree = "<group>"; };
		D5F0897124253AC6000D375D /* Info.plist */ = {isa = PBXFileReference; lastKnownFileType = text.plist.xml; path = Info.plist; sourceTree = "<group>"; };
/* End PBXFileReference section */

/* Begin PBXFrameworksBuildPhase section */
		D5F0894724253AC4000D375D /* Frameworks */ = {
			isa = PBXFrameworksBuildPhase;
			buildActionMask = 2147483647;
			files = (
			);
			runOnlyForDeploymentPostprocessing = 0;
		};
		D5F0895D24253AC6000D375D /* Frameworks */ = {
			isa = PBXFrameworksBuildPhase;
			buildActionMask = 2147483647;
			files = (
			);
			runOnlyForDeploymentPostprocessing = 0;
		};
		D5F0896824253AC6000D375D /* Frameworks */ = {
			isa = PBXFrameworksBuildPhase;
			buildActionMask = 2147483647;
			files = (
			);
			runOnlyForDeploymentPostprocessing = 0;
		};
/* End PBXFrameworksBuildPhase section */

/* Begin PBXGroup section */
		D5F0894124253AC4000D375D = {
			isa = PBXGroup;
			children = (
				D5F0894C24253AC4000D375D /* Grumble */,
				D5F0896324253AC6000D375D /* GrumbleTests */,
				D5F0896E24253AC6000D375D /* GrumbleUITests */,
				D5F0894B24253AC4000D375D /* Products */,
			);
			sourceTree = "<group>";
		};
		D5F0894B24253AC4000D375D /* Products */ = {
			isa = PBXGroup;
			children = (
				D5F0894A24253AC4000D375D /* Grumble.app */,
				D5F0896024253AC6000D375D /* GrumbleTests.xctest */,
				D5F0896B24253AC6000D375D /* GrumbleUITests.xctest */,
			);
			name = Products;
			sourceTree = "<group>";
		};
		D5F0894C24253AC4000D375D /* Grumble */ = {
			isa = PBXGroup;
			children = (
				D5F0894D24253AC4000D375D /* AppDelegate.swift */,
				D5F0894F24253AC4000D375D /* SceneDelegate.swift */,
				D5F0895124253AC4000D375D /* ContentView.swift */,
				D5F0895324253AC6000D375D /* Assets.xcassets */,
				D5F0895824253AC6000D375D /* LaunchScreen.storyboard */,
				D5F0895B24253AC6000D375D /* Info.plist */,
				D5F0895524253AC6000D375D /* Preview Content */,
			);
			path = Grumble;
			sourceTree = "<group>";
		};
		D5F0895524253AC6000D375D /* Preview Content */ = {
			isa = PBXGroup;
			children = (
				D5F0895624253AC6000D375D /* Preview Assets.xcassets */,
			);
			path = "Preview Content";
			sourceTree = "<group>";
		};
		D5F0896324253AC6000D375D /* GrumbleTests */ = {
			isa = PBXGroup;
			children = (
				D5F0896424253AC6000D375D /* GrumbleTests.swift */,
				D5F0896624253AC6000D375D /* Info.plist */,
			);
			path = GrumbleTests;
			sourceTree = "<group>";
		};
		D5F0896E24253AC6000D375D /* GrumbleUITests */ = {
			isa = PBXGroup;
			children = (
				D5F0896F24253AC6000D375D /* GrumbleUITests.swift */,
				D5F0897124253AC6000D375D /* Info.plist */,
			);
			path = GrumbleUITests;
			sourceTree = "<group>";
		};
/* End PBXGroup section */

/* Begin PBXNativeTarget section */
		D5F0894924253AC4000D375D /* Grumble */ = {
			isa = PBXNativeTarget;
			buildConfigurationList = D5F0897424253AC6000D375D /* Build configuration list for PBXNativeTarget "Grumble" */;
			buildPhases = (
				D5F0894624253AC4000D375D /* Sources */,
				D5F0894724253AC4000D375D /* Frameworks */,
				D5F0894824253AC4000D375D /* Resources */,
			);
			buildRules = (
			);
			dependencies = (
			);
			name = Grumble;
			productName = Grumble;
			productReference = D5F0894A24253AC4000D375D /* Grumble.app */;
			productType = "com.apple.product-type.application";
		};
		D5F0895F24253AC6000D375D /* GrumbleTests */ = {
			isa = PBXNativeTarget;
			buildConfigurationList = D5F0897724253AC6000D375D /* Build configuration list for PBXNativeTarget "GrumbleTests" */;
			buildPhases = (
				D5F0895C24253AC6000D375D /* Sources */,
				D5F0895D24253AC6000D375D /* Frameworks */,
				D5F0895E24253AC6000D375D /* Resources */,
			);
			buildRules = (
			);
			dependencies = (
				D5F0896224253AC6000D375D /* PBXTargetDependency */,
			);
			name = GrumbleTests;
			productName = GrumbleTests;
			productReference = D5F0896024253AC6000D375D /* GrumbleTests.xctest */;
			productType = "com.apple.product-type.bundle.unit-test";
		};
		D5F0896A24253AC6000D375D /* GrumbleUITests */ = {
			isa = PBXNativeTarget;
			buildConfigurationList = D5F0897A24253AC6000D375D /* Build configuration list for PBXNativeTarget "GrumbleUITests" */;
			buildPhases = (
				D5F0896724253AC6000D375D /* Sources */,
				D5F0896824253AC6000D375D /* Frameworks */,
				D5F0896924253AC6000D375D /* Resources */,
			);
			buildRules = (
			);
			dependencies = (
				D5F0896D24253AC6000D375D /* PBXTargetDependency */,
			);
			name = GrumbleUITests;
			productName = GrumbleUITests;
			productReference = D5F0896B24253AC6000D375D /* GrumbleUITests.xctest */;
			productType = "com.apple.product-type.bundle.ui-testing";
		};
/* End PBXNativeTarget section */

/* Begin PBXProject section */
		D5F0894224253AC4000D375D /* Project object */ = {
			isa = PBXProject;
			attributes = {
				LastSwiftUpdateCheck = 1130;
				LastUpgradeCheck = 1130;
				ORGANIZATIONNAME = "Cylumn, Inc.";
				TargetAttributes = {
					D5F0894924253AC4000D375D = {
						CreatedOnToolsVersion = 11.3.1;
					};
					D5F0895F24253AC6000D375D = {
						CreatedOnToolsVersion = 11.3.1;
						TestTargetID = D5F0894924253AC4000D375D;
					};
					D5F0896A24253AC6000D375D = {
						CreatedOnToolsVersion = 11.3.1;
						TestTargetID = D5F0894924253AC4000D375D;
					};
				};
			};
			buildConfigurationList = D5F0894524253AC4000D375D /* Build configuration list for PBXProject "Grumble" */;
			compatibilityVersion = "Xcode 9.3";
			developmentRegion = en;
			hasScannedForEncodings = 0;
			knownRegions = (
				en,
				Base,
			);
			mainGroup = D5F0894124253AC4000D375D;
			productRefGroup = D5F0894B24253AC4000D375D /* Products */;
			projectDirPath = "";
			projectRoot = "";
			targets = (
				D5F0894924253AC4000D375D /* Grumble */,
				D5F0895F24253AC6000D375D /* GrumbleTests */,
				D5F0896A24253AC6000D375D /* GrumbleUITests */,
			);
		};
/* End PBXProject section */

/* Begin PBXResourcesBuildPhase section */
		D5F0894824253AC4000D375D /* Resources */ = {
			isa = PBXResourcesBuildPhase;
			buildActionMask = 2147483647;
			files = (
				D5F0895A24253AC6000D375D /* LaunchScreen.storyboard in Resources */,
				D5F0895724253AC6000D375D /* Preview Assets.xcassets in Resources */,
				D5F0895424253AC6000D375D /* Assets.xcassets in Resources */,
			);
			runOnlyForDeploymentPostprocessing = 0;
		};
		D5F0895E24253AC6000D375D /* Resources */ = {
			isa = PBXResourcesBuildPhase;
			buildActionMask = 2147483647;
			files = (
			);
			runOnlyForDeploymentPostprocessing = 0;
		};
		D5F0896924253AC6000D375D /* Resources */ = {
			isa = PBXResourcesBuildPhase;
			buildActionMask = 2147483647;
			files = (
			);
			runOnlyForDeploymentPostprocessing = 0;
		};
/* End PBXResourcesBuildPhase section */

/* Begin PBXSourcesBuildPhase section */
		D5F0894624253AC4000D375D /* Sources */ = {
			isa = PBXSourcesBuildPhase;
			buildActionMask = 2147483647;
			files = (
				D5F0894E24253AC4000D375D /* AppDelegate.swift in Sources */,
				D5F0895024253AC4000D375D /* SceneDelegate.swift in Sources */,
				D5F0895224253AC4000D375D /* ContentView.swift in Sources */,
			);
			runOnlyForDeploymentPostprocessing = 0;
		};
		D5F0895C24253AC6000D375D /* Sources */ = {
			isa = PBXSourcesBuildPhase;
			buildActionMask = 2147483647;
			files = (
				D5F0896524253AC6000D375D /* GrumbleTests.swift in Sources */,
			);
			runOnlyForDeploymentPostprocessing = 0;
		};
		D5F0896724253AC6000D375D /* Sources */ = {
			isa = PBXSourcesBuildPhase;
			buildActionMask = 2147483647;
			files = (
				D5F0897024253AC6000D375D /* GrumbleUITests.swift in Sources */,
			);
			runOnlyForDeploymentPostprocessing = 0;
		};
/* End PBXSourcesBuildPhase section */

/* Begin PBXTargetDependency section */
		D5F0896224253AC6000D375D /* PBXTargetDependency */ = {
			isa = PBXTargetDependency;
			target = D5F0894924253AC4000D375D /* Grumble */;
			targetProxy = D5F0896124253AC6000D375D /* PBXContainerItemProxy */;
		};
		D5F0896D24253AC6000D375D /* PBXTargetDependency */ = {
			isa = PBXTargetDependency;
			target = D5F0894924253AC4000D375D /* Grumble */;
			targetProxy = D5F0896C24253AC6000D375D /* PBXContainerItemProxy */;
		};
/* End PBXTargetDependency section */

/* Begin PBXVariantGroup section */
		D5F0895824253AC6000D375D /* LaunchScreen.storyboard */ = {
			isa = PBXVariantGroup;
			children = (
				D5F0895924253AC6000D375D /* Base */,
			);
			name = LaunchScreen.storyboard;
			sourceTree = "<group>";
		};
/* End PBXVariantGroup section */

/* Begin XCBuildConfiguration section */
		D5F0897224253AC6000D375D /* Debug */ = {
			isa = XCBuildConfiguration;
			buildSettings = {
				ALWAYS_SEARCH_USER_PATHS = NO;
				CLANG_ANALYZER_NONNULL = YES;
				CLANG_ANALYZER_NUMBER_OBJECT_CONVERSION = YES_AGGRESSIVE;
				CLANG_CXX_LANGUAGE_STANDARD = "gnu++14";
				CLANG_CXX_LIBRARY = "libc++";
				CLANG_ENABLE_MODULES = YES;
				CLANG_ENABLE_OBJC_ARC = YES;
				CLANG_ENABLE_OBJC_WEAK = YES;
				CLANG_WARN_BLOCK_CAPTURE_AUTORELEASING = YES;
				CLANG_WARN_BOOL_CONVERSION = YES;
				CLANG_WARN_COMMA = YES;
				CLANG_WARN_CONSTANT_CONVERSION = YES;
				CLANG_WARN_DEPRECATED_OBJC_IMPLEMENTATIONS = YES;
				CLANG_WARN_DIRECT_OBJC_ISA_USAGE = YES_ERROR;
				CLANG_WARN_DOCUMENTATION_COMMENTS = YES;
				CLANG_WARN_EMPTY_BODY = YES;
				CLANG_WARN_ENUM_CONVERSION = YES;
				CLANG_WARN_INFINITE_RECURSION = YES;
				CLANG_WARN_INT_CONVERSION = YES;
				CLANG_WARN_NON_LITERAL_NULL_CONVERSION = YES;
				CLANG_WARN_OBJC_IMPLICIT_RETAIN_SELF = YES;
				CLANG_WARN_OBJC_LITERAL_CONVERSION = YES;
				CLANG_WARN_OBJC_ROOT_CLASS = YES_ERROR;
				CLANG_WARN_RANGE_LOOP_ANALYSIS = YES;
				CLANG_WARN_STRICT_PROTOTYPES = YES;
				CLANG_WARN_SUSPICIOUS_MOVE = YES;
				CLANG_WARN_UNGUARDED_AVAILABILITY = YES_AGGRESSIVE;
				CLANG_WARN_UNREACHABLE_CODE = YES;
				CLANG_WARN__DUPLICATE_METHOD_MATCH = YES;
				COPY_PHASE_STRIP = NO;
				DEBUG_INFORMATION_FORMAT = dwarf;
				ENABLE_STRICT_OBJC_MSGSEND = YES;
				ENABLE_TESTABILITY = YES;
				GCC_C_LANGUAGE_STANDARD = gnu11;
				GCC_DYNAMIC_NO_PIC = NO;
				GCC_NO_COMMON_BLOCKS = YES;
				GCC_OPTIMIZATION_LEVEL = 0;
				GCC_PREPROCESSOR_DEFINITIONS = (
					"DEBUG=1",
					"$(inherited)",
				);
				GCC_WARN_64_TO_32_BIT_CONVERSION = YES;
				GCC_WARN_ABOUT_RETURN_TYPE = YES_ERROR;
				GCC_WARN_UNDECLARED_SELECTOR = YES;
				GCC_WARN_UNINITIALIZED_AUTOS = YES_AGGRESSIVE;
				GCC_WARN_UNUSED_FUNCTION = YES;
				GCC_WARN_UNUSED_VARIABLE = YES;
				IPHONEOS_DEPLOYMENT_TARGET = 13.2;
				MTL_ENABLE_DEBUG_INFO = INCLUDE_SOURCE;
				MTL_FAST_MATH = YES;
				ONLY_ACTIVE_ARCH = YES;
				SDKROOT = iphoneos;
				SWIFT_ACTIVE_COMPILATION_CONDITIONS = DEBUG;
				SWIFT_OPTIMIZATION_LEVEL = "-Onone";
			};
			name = Debug;
		};
		D5F0897324253AC6000D375D /* Release */ = {
			isa = XCBuildConfiguration;
			buildSettings = {
				ALWAYS_SEARCH_USER_PATHS = NO;
				CLANG_ANALYZER_NONNULL = YES;
				CLANG_ANALYZER_NUMBER_OBJECT_CONVERSION = YES_AGGRESSIVE;
				CLANG_CXX_LANGUAGE_STANDARD = "gnu++14";
				CLANG_CXX_LIBRARY = "libc++";
				CLANG_ENABLE_MODULES = YES;
				CLANG_ENABLE_OBJC_ARC = YES;
				CLANG_ENABLE_OBJC_WEAK = YES;
				CLANG_WARN_BLOCK_CAPTURE_AUTORELEASING = YES;
				CLANG_WARN_BOOL_CONVERSION = YES;
				CLANG_WARN_COMMA = YES;
				CLANG_WARN_CONSTANT_CONVERSION = YES;
				CLANG_WARN_DEPRECATED_OBJC_IMPLEMENTATIONS = YES;
				CLANG_WARN_DIRECT_OBJC_ISA_USAGE = YES_ERROR;
				CLANG_WARN_DOCUMENTATION_COMMENTS = YES;
				CLANG_WARN_EMPTY_BODY = YES;
				CLANG_WARN_ENUM_CONVERSION = YES;
				CLANG_WARN_INFINITE_RECURSION = YES;
				CLANG_WARN_INT_CONVERSION = YES;
				CLANG_WARN_NON_LITERAL_NULL_CONVERSION = YES;
				CLANG_WARN_OBJC_IMPLICIT_RETAIN_SELF = YES;
				CLANG_WARN_OBJC_LITERAL_CONVERSION = YES;
				CLANG_WARN_OBJC_ROOT_CLASS = YES_ERROR;
				CLANG_WARN_RANGE_LOOP_ANALYSIS = YES;
				CLANG_WARN_STRICT_PROTOTYPES = YES;
				CLANG_WARN_SUSPICIOUS_MOVE = YES;
				CLANG_WARN_UNGUARDED_AVAILABILITY = YES_AGGRESSIVE;
				CLANG_WARN_UNREACHABLE_CODE = YES;
				CLANG_WARN__DUPLICATE_METHOD_MATCH = YES;
				COPY_PHASE_STRIP = NO;
				DEBUG_INFORMATION_FORMAT = "dwarf-with-dsym";
				ENABLE_NS_ASSERTIONS = NO;
				ENABLE_STRICT_OBJC_MSGSEND = YES;
				GCC_C_LANGUAGE_STANDARD = gnu11;
				GCC_NO_COMMON_BLOCKS = YES;
				GCC_WARN_64_TO_32_BIT_CONVERSION = YES;
				GCC_WARN_ABOUT_RETURN_TYPE = YES_ERROR;
				GCC_WARN_UNDECLARED_SELECTOR = YES;
				GCC_WARN_UNINITIALIZED_AUTOS = YES_AGGRESSIVE;
				GCC_WARN_UNUSED_FUNCTION = YES;
				GCC_WARN_UNUSED_VARIABLE = YES;
				IPHONEOS_DEPLOYMENT_TARGET = 13.2;
				MTL_ENABLE_DEBUG_INFO = NO;
				MTL_FAST_MATH = YES;
				SDKROOT = iphoneos;
				SWIFT_COMPILATION_MODE = wholemodule;
				SWIFT_OPTIMIZATION_LEVEL = "-O";
				VALIDATE_PRODUCT = YES;
			};
			name = Release;
		};
		D5F0897524253AC6000D375D /* Debug */ = {
			isa = XCBuildConfiguration;
			buildSettings = {
				ASSETCATALOG_COMPILER_APPICON_NAME = AppIcon;
				CODE_SIGN_STYLE = Automatic;
				DEVELOPMENT_ASSET_PATHS = "\"Grumble/Preview Content\"";
				DEVELOPMENT_TEAM = 7M276LB969;
				ENABLE_PREVIEWS = YES;
				INFOPLIST_FILE = Grumble/Info.plist;
				LD_RUNPATH_SEARCH_PATHS = (
					"$(inherited)",
					"@executable_path/Frameworks",
				);
				PRODUCT_BUNDLE_IDENTIFIER = com.cylumn.Grumble;
				PRODUCT_NAME = "$(TARGET_NAME)";
				SWIFT_VERSION = 5.0;
				TARGETED_DEVICE_FAMILY = "1,2";
			};
			name = Debug;
		};
		D5F0897624253AC6000D375D /* Release */ = {
			isa = XCBuildConfiguration;
			buildSettings = {
				ASSETCATALOG_COMPILER_APPICON_NAME = AppIcon;
				CODE_SIGN_STYLE = Automatic;
				DEVELOPMENT_ASSET_PATHS = "\"Grumble/Preview Content\"";
				DEVELOPMENT_TEAM = 7M276LB969;
				ENABLE_PREVIEWS = YES;
				INFOPLIST_FILE = Grumble/Info.plist;
				LD_RUNPATH_SEARCH_PATHS = (
					"$(inherited)",
					"@executable_path/Frameworks",
				);
				PRODUCT_BUNDLE_IDENTIFIER = com.cylumn.Grumble;
				PRODUCT_NAME = "$(TARGET_NAME)";
				SWIFT_VERSION = 5.0;
				TARGETED_DEVICE_FAMILY = "1,2";
			};
			name = Release;
		};
		D5F0897824253AC6000D375D /* Debug */ = {
			isa = XCBuildConfiguration;
			buildSettings = {
				ALWAYS_EMBED_SWIFT_STANDARD_LIBRARIES = YES;
				BUNDLE_LOADER = "$(TEST_HOST)";
				CODE_SIGN_STYLE = Automatic;
				DEVELOPMENT_TEAM = 7M276LB969;
				INFOPLIST_FILE = GrumbleTests/Info.plist;
				IPHONEOS_DEPLOYMENT_TARGET = 13.2;
				LD_RUNPATH_SEARCH_PATHS = (
					"$(inherited)",
					"@executable_path/Frameworks",
					"@loader_path/Frameworks",
				);
				PRODUCT_BUNDLE_IDENTIFIER = com.cylumn.GrumbleTests;
				PRODUCT_NAME = "$(TARGET_NAME)";
				SWIFT_VERSION = 5.0;
				TARGETED_DEVICE_FAMILY = "1,2";
				TEST_HOST = "$(BUILT_PRODUCTS_DIR)/Grumble.app/Grumble";
			};
			name = Debug;
		};
		D5F0897924253AC6000D375D /* Release */ = {
			isa = XCBuildConfiguration;
			buildSettings = {
				ALWAYS_EMBED_SWIFT_STANDARD_LIBRARIES = YES;
				BUNDLE_LOADER = "$(TEST_HOST)";
				CODE_SIGN_STYLE = Automatic;
				DEVELOPMENT_TEAM = 7M276LB969;
				INFOPLIST_FILE = GrumbleTests/Info.plist;
				IPHONEOS_DEPLOYMENT_TARGET = 13.2;
				LD_RUNPATH_SEARCH_PATHS = (
					"$(inherited)",
					"@executable_path/Frameworks",
					"@loader_path/Frameworks",
				);
				PRODUCT_BUNDLE_IDENTIFIER = com.cylumn.GrumbleTests;
				PRODUCT_NAME = "$(TARGET_NAME)";
				SWIFT_VERSION = 5.0;
				TARGETED_DEVICE_FAMILY = "1,2";
				TEST_HOST = "$(BUILT_PRODUCTS_DIR)/Grumble.app/Grumble";
			};
			name = Release;
		};
		D5F0897B24253AC6000D375D /* Debug */ = {
			isa = XCBuildConfiguration;
			buildSettings = {
				ALWAYS_EMBED_SWIFT_STANDARD_LIBRARIES = YES;
				CODE_SIGN_STYLE = Automatic;
				DEVELOPMENT_TEAM = 7M276LB969;
				INFOPLIST_FILE = GrumbleUITests/Info.plist;
				LD_RUNPATH_SEARCH_PATHS = (
					"$(inherited)",
					"@executable_path/Frameworks",
					"@loader_path/Frameworks",
				);
				PRODUCT_BUNDLE_IDENTIFIER = com.cylumn.GrumbleUITests;
				PRODUCT_NAME = "$(TARGET_NAME)";
				SWIFT_VERSION = 5.0;
				TARGETED_DEVICE_FAMILY = "1,2";
				TEST_TARGET_NAME = Grumble;
			};
			name = Debug;
		};
		D5F0897C24253AC6000D375D /* Release */ = {
			isa = XCBuildConfiguration;
			buildSettings = {
				ALWAYS_EMBED_SWIFT_STANDARD_LIBRARIES = YES;
				CODE_SIGN_STYLE = Automatic;
				DEVELOPMENT_TEAM = 7M276LB969;
				INFOPLIST_FILE = GrumbleUITests/Info.plist;
				LD_RUNPATH_SEARCH_PATHS = (
					"$(inherited)",
					"@executable_path/Frameworks",
					"@loader_path/Frameworks",
				);
				PRODUCT_BUNDLE_IDENTIFIER = com.cylumn.GrumbleUITests;
				PRODUCT_NAME = "$(TARGET_NAME)";
				SWIFT_VERSION = 5.0;
				TARGETED_DEVICE_FAMILY = "1,2";
				TEST_TARGET_NAME = Grumble;
			};
			name = Release;
		};
/* End XCBuildConfiguration section */

/* Begin XCConfigurationList section */
		D5F0894524253AC4000D375D /* Build configuration list for PBXProject "Grumble" */ = {
			isa = XCConfigurationList;
			buildConfigurations = (
				D5F0897224253AC6000D375D /* Debug */,
				D5F0897324253AC6000D375D /* Release */,
			);
			defaultConfigurationIsVisible = 0;
			defaultConfigurationName = Release;
		};
		D5F0897424253AC6000D375D /* Build configuration list for PBXNativeTarget "Grumble" */ = {
			isa = XCConfigurationList;
			buildConfigurations = (
				D5F0897524253AC6000D375D /* Debug */,
				D5F0897624253AC6000D375D /* Release */,
			);
			defaultConfigurationIsVisible = 0;
			defaultConfigurationName = Release;
		};
		D5F0897724253AC6000D375D /* Build configuration list for PBXNativeTarget "GrumbleTests" */ = {
			isa = XCConfigurationList;
			buildConfigurations = (
				D5F0897824253AC6000D375D /* Debug */,
				D5F0897924253AC6000D375D /* Release */,
			);
			defaultConfigurationIsVisible = 0;
			defaultConfigurationName = Release;
		};
		D5F0897A24253AC6000D375D /* Build configuration list for PBXNativeTarget "GrumbleUITests" */ = {
			isa = XCConfigurationList;
			buildConfigurations = (
				D5F0897B24253AC6000D375D /* Debug */,
				D5F0897C24253AC6000D375D /* Release */,
			);
			defaultConfigurationIsVisible = 0;
			defaultConfigurationName = Release;
		};
/* End XCConfigurationList section */
	};
	rootObject = D5F0894224253AC4000D375D /* Project object */;
}
